
Microsoft Visual Studio Solution File, Format Version 12.00
# Visual Studio Version 17
VisualStudioVersion = 17.0.31903.59
MinimumVisualStudioVersion = 10.0.40219.1
Project("{2150E333-8FDC-42A3-9474-1A3956D46DE8}") = "src", "src", "{827E0CD3-B72D-47B6-A68D-7590B98EB39B}"
EndProject
Project("{FAE04EC0-301F-11D3-BF4B-00C04F79EFBC}") = "DocToolkit", "src\DocToolkit\DocToolkit.csproj", "{801DEF84-9A58-4463-B9C8-7153941A62DE}"
EndProject
Project("{2150E333-8FDC-42A3-9474-1A3956D46DE8}") = "tests", "tests", "{0AB3BF05-4346-4AA6-1389-037BE0695223}"
EndProject
Project("{FAE04EC0-301F-11D3-BF4B-00C04F79EFBC}") = "DocToolkit.Tests", "tests\DocToolkit.Tests\DocToolkit.Tests.csproj", "{9F126F18-8291-43CF-B52F-0AF1F78F2672}"
EndProject
Project("{FAE04EC0-301F-11D3-BF4B-00C04F79EFBC}") = "DocToolkit.Extensions.DependencyInjection", "src\DocToolkit.Extensions.DependencyInjection\DocToolkit.Extensions.DependencyInjection.csproj", "{06EB940C-297F-4D00-8DA3-D89C2FF27889}"
EndProject
Project("{FAE04EC0-301F-11D3-BF4B-00C04F79EFBC}") = "DocToolkit.Extensions.DependencyInjection.Tests", "tests\DocToolkit.Extensions.DependencyInjection.Tests\DocToolkit.Extensions.DependencyInjection.Tests.csproj", "{ACC29236-2F21-4CA2-B55C-CBC417B72026}"
EndProject
Project("{2150E333-8FDC-42A3-9474-1A3956D46DE8}") = "samples", "samples", "{5D20AA90-6969-D8BD-9DCD-8634F4692FDA}"
EndProject
Project("{FAE04EC0-301F-11D3-BF4B-00C04F79EFBC}") = "HtmlConversion", "samples\HtmlConversion\HtmlConversion.csproj", "{CA134758-7324-4D55-9CBA-C2F3D6439D39}"
EndProject
Project("{FAE04EC0-301F-11D3-BF4B-00C04F79EFBC}") = "DocxTemplating", "samples\DocxTemplating\DocxTemplating.csproj", "{C566D278-F63F-4905-9176-A790A8C3CD13}"
EndProject
Project("{FAE04EC0-301F-11D3-BF4B-00C04F79EFBC}") = "DocxImages", "samples\DocxImages\DocxImages.csproj", "{610CD859-ED6B-422F-84B3-EA8DFC18BC86}"
EndProject
Project("{FAE04EC0-301F-11D3-BF4B-00C04F79EFBC}") = "Spreadsheets", "samples\Spreadsheets\Spreadsheets.csproj", "{688D1985-635E-454A-A72B-6C4E1C0BDC62}"
EndProject
Project("{FAE04EC0-301F-11D3-BF4B-00C04F79EFBC}") = "Presentations", "samples\Presentations\Presentations.csproj", "{7F7D8FD2-8BA1-45D3-9D41-1A477B21F98D}"
EndProject
Project("{FAE04EC0-301F-11D3-BF4B-00C04F79EFBC}") = "MinimalApi", "samples\MinimalApi\MinimalApi.csproj", "{455FC25D-3E4E-4E0A-B4F1-99B62B1FF944}"
EndProject
Project("{FAE04EC0-301F-11D3-BF4B-00C04F79EFBC}") = "LargeFileStreaming", "samples\LargeFileStreaming\LargeFileStreaming.csproj", "{F00AB028-DBE8-44AE-8DD2-434CFFB5DDF3}"
EndProject
Project("{FAE04EC0-301F-11D3-BF4B-00C04F79EFBC}") = "Container", "samples\Container\Container.csproj", "{161E2D15-1F9A-4218-A51D-5EA6274E84D2}"
EndProject
Project("{FAE04EC0-301F-11D3-BF4B-00C04F79EFBC}") = "WorkerService", "samples\WorkerService\WorkerService.csproj", "{C0FFC5DB-8BD4-463D-9811-4BC2E37C9B16}"
EndProject
Project("{FAE04EC0-301F-11D3-BF4B-00C04F79EFBC}") = "RazorPdf", "samples\RazorPdf\RazorPdf.csproj", "{7B60C7BE-20EC-4280-9EFF-6077CE9D7D22}"
EndProject
Project("{FAE04EC0-301F-11D3-BF4B-00C04F79EFBC}") = "PdfUtilities", "samples\PdfUtilities\PdfUtilities.csproj", "{E6470CE5-1019-4D20-AE86-A9B4EBB537DF}"
EndProject
Project("{FAE04EC0-301F-11D3-BF4B-00C04F79EFBC}") = "MarkdownConversion", "samples\MarkdownConversion\MarkdownConversion.csproj", "{A5D684C0-A625-4CE1-A052-1728F5D70162}"
EndProject
Project("{FAE04EC0-301F-11D3-BF4B-00C04F79EFBC}") = "Telemetry", "samples\Telemetry\Telemetry.csproj", "{A9A0CB75-39E3-4841-A82E-2D83ACA6EEF5}"
EndProject
Project("{FAE04EC0-301F-11D3-BF4B-00C04F79EFBC}") = "Protection", "samples\Protection\Protection.csproj", "{50A905F0-DD32-4C09-8633-524D53DC1BE3}"
EndProject
Project("{FAE04EC0-301F-11D3-BF4B-00C04F79EFBC}") = "LegacyDoc", "samples\LegacyDoc\LegacyDoc.csproj", "{04BA7CC7-6E8F-4A5A-B43A-241EEA2D6076}"
EndProject
Project("{FAE04EC0-301F-11D3-BF4B-00C04F79EFBC}") = "DocToolkit.Primitives", "src\DocToolkit.Primitives\DocToolkit.Primitives.csproj", "{D87FEB2F-D95C-47E3-84FE-B5BD43AD7965}"
EndProject
Project("{FAE04EC0-301F-11D3-BF4B-00C04F79EFBC}") = "DocToolkit.Docx", "src\DocToolkit.Docx\DocToolkit.Docx.csproj", "{BCFBCF2D-59B0-4095-AADB-25DA385DEC9B}"
EndProject
Project("{FAE04EC0-301F-11D3-BF4B-00C04F79EFBC}") = "DocToolkit.Xlsx", "src\DocToolkit.Xlsx\DocToolkit.Xlsx.csproj", "{53CF2A52-C9CC-4426-8A59-26C14279FDA7}"
EndProject
Project("{FAE04EC0-301F-11D3-BF4B-00C04F79EFBC}") = "DocToolkit.Pptx", "src\DocToolkit.Pptx\DocToolkit.Pptx.csproj", "{28BE791A-B30A-406A-9938-B0A5CAB6FC58}"
EndProject
Project("{FAE04EC0-301F-11D3-BF4B-00C04F79EFBC}") = "DocToolkit.Pdf", "src\DocToolkit.Pdf\DocToolkit.Pdf.csproj", "{FD60AEC4-FCCF-46CE-8297-64453FAC7A94}"
EndProject
Project("{FAE04EC0-301F-11D3-BF4B-00C04F79EFBC}") = "DocToolkit.Html", "src\DocToolkit.Html\DocToolkit.Html.csproj", "{2764E7F9-F852-42BA-95DE-5877C4910D35}"
EndProject
Project("{FAE04EC0-301F-11D3-BF4B-00C04F79EFBC}") = "Signatures", "samples\Signatures\Signatures.csproj", "{BBE936BD-74ED-4A0F-BFBE-D2F58DB80ACF}"
EndProject
Global
	GlobalSection(SolutionConfigurationPlatforms) = preSolution
		Debug|Any CPU = Debug|Any CPU
		Debug|x64 = Debug|x64
		Debug|x86 = Debug|x86
		Release|Any CPU = Release|Any CPU
		Release|x64 = Release|x64
		Release|x86 = Release|x86
	EndGlobalSection
	GlobalSection(ProjectConfigurationPlatforms) = postSolution
		{801DEF84-9A58-4463-B9C8-7153941A62DE}.Debug|Any CPU.ActiveCfg = Debug|Any CPU
		{801DEF84-9A58-4463-B9C8-7153941A62DE}.Debug|Any CPU.Build.0 = Debug|Any CPU
		{801DEF84-9A58-4463-B9C8-7153941A62DE}.Debug|x64.ActiveCfg = Debug|Any CPU
		{801DEF84-9A58-4463-B9C8-7153941A62DE}.Debug|x64.Build.0 = Debug|Any CPU
		{801DEF84-9A58-4463-B9C8-7153941A62DE}.Debug|x86.ActiveCfg = Debug|Any CPU
		{801DEF84-9A58-4463-B9C8-7153941A62DE}.Debug|x86.Build.0 = Debug|Any CPU
		{801DEF84-9A58-4463-B9C8-7153941A62DE}.Release|Any CPU.ActiveCfg = Release|Any CPU
		{801DEF84-9A58-4463-B9C8-7153941A62DE}.Release|Any CPU.Build.0 = Release|Any CPU
		{801DEF84-9A58-4463-B9C8-7153941A62DE}.Release|x64.ActiveCfg = Release|Any CPU
		{801DEF84-9A58-4463-B9C8-7153941A62DE}.Release|x64.Build.0 = Release|Any CPU
		{801DEF84-9A58-4463-B9C8-7153941A62DE}.Release|x86.ActiveCfg = Release|Any CPU
		{801DEF84-9A58-4463-B9C8-7153941A62DE}.Release|x86.Build.0 = Release|Any CPU
		{9F126F18-8291-43CF-B52F-0AF1F78F2672}.Debug|Any CPU.ActiveCfg = Debug|Any CPU
		{9F126F18-8291-43CF-B52F-0AF1F78F2672}.Debug|Any CPU.Build.0 = Debug|Any CPU
		{9F126F18-8291-43CF-B52F-0AF1F78F2672}.Debug|x64.ActiveCfg = Debug|Any CPU
		{9F126F18-8291-43CF-B52F-0AF1F78F2672}.Debug|x64.Build.0 = Debug|Any CPU
		{9F126F18-8291-43CF-B52F-0AF1F78F2672}.Debug|x86.ActiveCfg = Debug|Any CPU
		{9F126F18-8291-43CF-B52F-0AF1F78F2672}.Debug|x86.Build.0 = Debug|Any CPU
		{9F126F18-8291-43CF-B52F-0AF1F78F2672}.Release|Any CPU.ActiveCfg = Release|Any CPU
		{9F126F18-8291-43CF-B52F-0AF1F78F2672}.Release|Any CPU.Build.0 = Release|Any CPU
		{9F126F18-8291-43CF-B52F-0AF1F78F2672}.Release|x64.ActiveCfg = Release|Any CPU
		{9F126F18-8291-43CF-B52F-0AF1F78F2672}.Release|x64.Build.0 = Release|Any CPU
		{9F126F18-8291-43CF-B52F-0AF1F78F2672}.Release|x86.ActiveCfg = Release|Any CPU
		{9F126F18-8291-43CF-B52F-0AF1F78F2672}.Release|x86.Build.0 = Release|Any CPU
		{06EB940C-297F-4D00-8DA3-D89C2FF27889}.Debug|Any CPU.ActiveCfg = Debug|Any CPU
		{06EB940C-297F-4D00-8DA3-D89C2FF27889}.Debug|Any CPU.Build.0 = Debug|Any CPU
		{06EB940C-297F-4D00-8DA3-D89C2FF27889}.Debug|x64.ActiveCfg = Debug|Any CPU
		{06EB940C-297F-4D00-8DA3-D89C2FF27889}.Debug|x64.Build.0 = Debug|Any CPU
		{06EB940C-297F-4D00-8DA3-D89C2FF27889}.Debug|x86.ActiveCfg = Debug|Any CPU
		{06EB940C-297F-4D00-8DA3-D89C2FF27889}.Debug|x86.Build.0 = Debug|Any CPU
		{06EB940C-297F-4D00-8DA3-D89C2FF27889}.Release|Any CPU.ActiveCfg = Release|Any CPU
		{06EB940C-297F-4D00-8DA3-D89C2FF27889}.Release|Any CPU.Build.0 = Release|Any CPU
		{06EB940C-297F-4D00-8DA3-D89C2FF27889}.Release|x64.ActiveCfg = Release|Any CPU
		{06EB940C-297F-4D00-8DA3-D89C2FF27889}.Release|x64.Build.0 = Release|Any CPU
		{06EB940C-297F-4D00-8DA3-D89C2FF27889}.Release|x86.ActiveCfg = Release|Any CPU
		{06EB940C-297F-4D00-8DA3-D89C2FF27889}.Release|x86.Build.0 = Release|Any CPU
		{ACC29236-2F21-4CA2-B55C-CBC417B72026}.Debug|Any CPU.ActiveCfg = Debug|Any CPU
		{ACC29236-2F21-4CA2-B55C-CBC417B72026}.Debug|Any CPU.Build.0 = Debug|Any CPU
		{ACC29236-2F21-4CA2-B55C-CBC417B72026}.Debug|x64.ActiveCfg = Debug|Any CPU
		{ACC29236-2F21-4CA2-B55C-CBC417B72026}.Debug|x64.Build.0 = Debug|Any CPU
		{ACC29236-2F21-4CA2-B55C-CBC417B72026}.Debug|x86.ActiveCfg = Debug|Any CPU
		{ACC29236-2F21-4CA2-B55C-CBC417B72026}.Debug|x86.Build.0 = Debug|Any CPU
		{ACC29236-2F21-4CA2-B55C-CBC417B72026}.Release|Any CPU.ActiveCfg = Release|Any CPU
		{ACC29236-2F21-4CA2-B55C-CBC417B72026}.Release|Any CPU.Build.0 = Release|Any CPU
		{ACC29236-2F21-4CA2-B55C-CBC417B72026}.Release|x64.ActiveCfg = Release|Any CPU
		{ACC29236-2F21-4CA2-B55C-CBC417B72026}.Release|x64.Build.0 = Release|Any CPU
		{ACC29236-2F21-4CA2-B55C-CBC417B72026}.Release|x86.ActiveCfg = Release|Any CPU
		{ACC29236-2F21-4CA2-B55C-CBC417B72026}.Release|x86.Build.0 = Release|Any CPU
		{CA134758-7324-4D55-9CBA-C2F3D6439D39}.Debug|Any CPU.ActiveCfg = Debug|Any CPU
		{CA134758-7324-4D55-9CBA-C2F3D6439D39}.Debug|Any CPU.Build.0 = Debug|Any CPU
		{CA134758-7324-4D55-9CBA-C2F3D6439D39}.Debug|x64.ActiveCfg = Debug|Any CPU
		{CA134758-7324-4D55-9CBA-C2F3D6439D39}.Debug|x64.Build.0 = Debug|Any CPU
		{CA134758-7324-4D55-9CBA-C2F3D6439D39}.Debug|x86.ActiveCfg = Debug|Any CPU
		{CA134758-7324-4D55-9CBA-C2F3D6439D39}.Debug|x86.Build.0 = Debug|Any CPU
		{CA134758-7324-4D55-9CBA-C2F3D6439D39}.Release|Any CPU.ActiveCfg = Release|Any CPU
		{CA134758-7324-4D55-9CBA-C2F3D6439D39}.Release|Any CPU.Build.0 = Release|Any CPU
		{CA134758-7324-4D55-9CBA-C2F3D6439D39}.Release|x64.ActiveCfg = Release|Any CPU
		{CA134758-7324-4D55-9CBA-C2F3D6439D39}.Release|x64.Build.0 = Release|Any CPU
		{CA134758-7324-4D55-9CBA-C2F3D6439D39}.Release|x86.ActiveCfg = Release|Any CPU
		{CA134758-7324-4D55-9CBA-C2F3D6439D39}.Release|x86.Build.0 = Release|Any CPU
		{C566D278-F63F-4905-9176-A790A8C3CD13}.Debug|Any CPU.ActiveCfg = Debug|Any CPU
		{C566D278-F63F-4905-9176-A790A8C3CD13}.Debug|Any CPU.Build.0 = Debug|Any CPU
		{C566D278-F63F-4905-9176-A790A8C3CD13}.Debug|x64.ActiveCfg = Debug|Any CPU
		{C566D278-F63F-4905-9176-A790A8C3CD13}.Debug|x64.Build.0 = Debug|Any CPU
		{C566D278-F63F-4905-9176-A790A8C3CD13}.Debug|x86.ActiveCfg = Debug|Any CPU
		{C566D278-F63F-4905-9176-A790A8C3CD13}.Debug|x86.Build.0 = Debug|Any CPU
		{C566D278-F63F-4905-9176-A790A8C3CD13}.Release|Any CPU.ActiveCfg = Release|Any CPU
		{C566D278-F63F-4905-9176-A790A8C3CD13}.Release|Any CPU.Build.0 = Release|Any CPU
		{C566D278-F63F-4905-9176-A790A8C3CD13}.Release|x64.ActiveCfg = Release|Any CPU
		{C566D278-F63F-4905-9176-A790A8C3CD13}.Release|x64.Build.0 = Release|Any CPU
		{C566D278-F63F-4905-9176-A790A8C3CD13}.Release|x86.ActiveCfg = Release|Any CPU
		{C566D278-F63F-4905-9176-A790A8C3CD13}.Release|x86.Build.0 = Release|Any CPU
		{610CD859-ED6B-422F-84B3-EA8DFC18BC86}.Debug|Any CPU.ActiveCfg = Debug|Any CPU
		{610CD859-ED6B-422F-84B3-EA8DFC18BC86}.Debug|Any CPU.Build.0 = Debug|Any CPU
		{610CD859-ED6B-422F-84B3-EA8DFC18BC86}.Debug|x64.ActiveCfg = Debug|Any CPU
		{610CD859-ED6B-422F-84B3-EA8DFC18BC86}.Debug|x64.Build.0 = Debug|Any CPU
		{610CD859-ED6B-422F-84B3-EA8DFC18BC86}.Debug|x86.ActiveCfg = Debug|Any CPU
		{610CD859-ED6B-422F-84B3-EA8DFC18BC86}.Debug|x86.Build.0 = Debug|Any CPU
		{610CD859-ED6B-422F-84B3-EA8DFC18BC86}.Release|Any CPU.ActiveCfg = Release|Any CPU
		{610CD859-ED6B-422F-84B3-EA8DFC18BC86}.Release|Any CPU.Build.0 = Release|Any CPU
		{610CD859-ED6B-422F-84B3-EA8DFC18BC86}.Release|x64.ActiveCfg = Release|Any CPU
		{610CD859-ED6B-422F-84B3-EA8DFC18BC86}.Release|x64.Build.0 = Release|Any CPU
		{610CD859-ED6B-422F-84B3-EA8DFC18BC86}.Release|x86.ActiveCfg = Release|Any CPU
		{610CD859-ED6B-422F-84B3-EA8DFC18BC86}.Release|x86.Build.0 = Release|Any CPU
		{688D1985-635E-454A-A72B-6C4E1C0BDC62}.Debug|Any CPU.ActiveCfg = Debug|Any CPU
		{688D1985-635E-454A-A72B-6C4E1C0BDC62}.Debug|Any CPU.Build.0 = Debug|Any CPU
		{688D1985-635E-454A-A72B-6C4E1C0BDC62}.Debug|x64.ActiveCfg = Debug|Any CPU
		{688D1985-635E-454A-A72B-6C4E1C0BDC62}.Debug|x64.Build.0 = Debug|Any CPU
		{688D1985-635E-454A-A72B-6C4E1C0BDC62}.Debug|x86.ActiveCfg = Debug|Any CPU
		{688D1985-635E-454A-A72B-6C4E1C0BDC62}.Debug|x86.Build.0 = Debug|Any CPU
		{688D1985-635E-454A-A72B-6C4E1C0BDC62}.Release|Any CPU.ActiveCfg = Release|Any CPU
		{688D1985-635E-454A-A72B-6C4E1C0BDC62}.Release|Any CPU.Build.0 = Release|Any CPU
		{688D1985-635E-454A-A72B-6C4E1C0BDC62}.Release|x64.ActiveCfg = Release|Any CPU
		{688D1985-635E-454A-A72B-6C4E1C0BDC62}.Release|x64.Build.0 = Release|Any CPU
		{688D1985-635E-454A-A72B-6C4E1C0BDC62}.Release|x86.ActiveCfg = Release|Any CPU
		{688D1985-635E-454A-A72B-6C4E1C0BDC62}.Release|x86.Build.0 = Release|Any CPU
		{7F7D8FD2-8BA1-45D3-9D41-1A477B21F98D}.Debug|Any CPU.ActiveCfg = Debug|Any CPU
		{7F7D8FD2-8BA1-45D3-9D41-1A477B21F98D}.Debug|Any CPU.Build.0 = Debug|Any CPU
		{7F7D8FD2-8BA1-45D3-9D41-1A477B21F98D}.Debug|x64.ActiveCfg = Debug|Any CPU
		{7F7D8FD2-8BA1-45D3-9D41-1A477B21F98D}.Debug|x64.Build.0 = Debug|Any CPU
		{7F7D8FD2-8BA1-45D3-9D41-1A477B21F98D}.Debug|x86.ActiveCfg = Debug|Any CPU
		{7F7D8FD2-8BA1-45D3-9D41-1A477B21F98D}.Debug|x86.Build.0 = Debug|Any CPU
		{7F7D8FD2-8BA1-45D3-9D41-1A477B21F98D}.Release|Any CPU.ActiveCfg = Release|Any CPU
		{7F7D8FD2-8BA1-45D3-9D41-1A477B21F98D}.Release|Any CPU.Build.0 = Release|Any CPU
		{7F7D8FD2-8BA1-45D3-9D41-1A477B21F98D}.Release|x64.ActiveCfg = Release|Any CPU
		{7F7D8FD2-8BA1-45D3-9D41-1A477B21F98D}.Release|x64.Build.0 = Release|Any CPU
		{7F7D8FD2-8BA1-45D3-9D41-1A477B21F98D}.Release|x86.ActiveCfg = Release|Any CPU
		{7F7D8FD2-8BA1-45D3-9D41-1A477B21F98D}.Release|x86.Build.0 = Release|Any CPU
		{455FC25D-3E4E-4E0A-B4F1-99B62B1FF944}.Debug|Any CPU.ActiveCfg = Debug|Any CPU
		{455FC25D-3E4E-4E0A-B4F1-99B62B1FF944}.Debug|Any CPU.Build.0 = Debug|Any CPU
		{455FC25D-3E4E-4E0A-B4F1-99B62B1FF944}.Debug|x64.ActiveCfg = Debug|Any CPU
		{455FC25D-3E4E-4E0A-B4F1-99B62B1FF944}.Debug|x64.Build.0 = Debug|Any CPU
		{455FC25D-3E4E-4E0A-B4F1-99B62B1FF944}.Debug|x86.ActiveCfg = Debug|Any CPU
		{455FC25D-3E4E-4E0A-B4F1-99B62B1FF944}.Debug|x86.Build.0 = Debug|Any CPU
		{455FC25D-3E4E-4E0A-B4F1-99B62B1FF944}.Release|Any CPU.ActiveCfg = Release|Any CPU
		{455FC25D-3E4E-4E0A-B4F1-99B62B1FF944}.Release|Any CPU.Build.0 = Release|Any CPU
		{455FC25D-3E4E-4E0A-B4F1-99B62B1FF944}.Release|x64.ActiveCfg = Release|Any CPU
		{455FC25D-3E4E-4E0A-B4F1-99B62B1FF944}.Release|x64.Build.0 = Release|Any CPU
		{455FC25D-3E4E-4E0A-B4F1-99B62B1FF944}.Release|x86.ActiveCfg = Release|Any CPU
		{455FC25D-3E4E-4E0A-B4F1-99B62B1FF944}.Release|x86.Build.0 = Release|Any CPU
		{F00AB028-DBE8-44AE-8DD2-434CFFB5DDF3}.Debug|Any CPU.ActiveCfg = Debug|Any CPU
		{F00AB028-DBE8-44AE-8DD2-434CFFB5DDF3}.Debug|Any CPU.Build.0 = Debug|Any CPU
		{F00AB028-DBE8-44AE-8DD2-434CFFB5DDF3}.Debug|x64.ActiveCfg = Debug|Any CPU
		{F00AB028-DBE8-44AE-8DD2-434CFFB5DDF3}.Debug|x64.Build.0 = Debug|Any CPU
		{F00AB028-DBE8-44AE-8DD2-434CFFB5DDF3}.Debug|x86.ActiveCfg = Debug|Any CPU
		{F00AB028-DBE8-44AE-8DD2-434CFFB5DDF3}.Debug|x86.Build.0 = Debug|Any CPU
		{F00AB028-DBE8-44AE-8DD2-434CFFB5DDF3}.Release|Any CPU.ActiveCfg = Release|Any CPU
		{F00AB028-DBE8-44AE-8DD2-434CFFB5DDF3}.Release|Any CPU.Build.0 = Release|Any CPU
		{F00AB028-DBE8-44AE-8DD2-434CFFB5DDF3}.Release|x64.ActiveCfg = Release|Any CPU
		{F00AB028-DBE8-44AE-8DD2-434CFFB5DDF3}.Release|x64.Build.0 = Release|Any CPU
		{F00AB028-DBE8-44AE-8DD2-434CFFB5DDF3}.Release|x86.ActiveCfg = Release|Any CPU
		{F00AB028-DBE8-44AE-8DD2-434CFFB5DDF3}.Release|x86.Build.0 = Release|Any CPU
		{161E2D15-1F9A-4218-A51D-5EA6274E84D2}.Debug|Any CPU.ActiveCfg = Debug|Any CPU
		{161E2D15-1F9A-4218-A51D-5EA6274E84D2}.Debug|Any CPU.Build.0 = Debug|Any CPU
		{161E2D15-1F9A-4218-A51D-5EA6274E84D2}.Debug|x64.ActiveCfg = Debug|Any CPU
		{161E2D15-1F9A-4218-A51D-5EA6274E84D2}.Debug|x64.Build.0 = Debug|Any CPU
		{161E2D15-1F9A-4218-A51D-5EA6274E84D2}.Debug|x86.ActiveCfg = Debug|Any CPU
		{161E2D15-1F9A-4218-A51D-5EA6274E84D2}.Debug|x86.Build.0 = Debug|Any CPU
		{161E2D15-1F9A-4218-A51D-5EA6274E84D2}.Release|Any CPU.ActiveCfg = Release|Any CPU
		{161E2D15-1F9A-4218-A51D-5EA6274E84D2}.Release|Any CPU.Build.0 = Release|Any CPU
		{161E2D15-1F9A-4218-A51D-5EA6274E84D2}.Release|x64.ActiveCfg = Release|Any CPU
		{161E2D15-1F9A-4218-A51D-5EA6274E84D2}.Release|x64.Build.0 = Release|Any CPU
		{161E2D15-1F9A-4218-A51D-5EA6274E84D2}.Release|x86.ActiveCfg = Release|Any CPU
		{161E2D15-1F9A-4218-A51D-5EA6274E84D2}.Release|x86.Build.0 = Release|Any CPU
		{C0FFC5DB-8BD4-463D-9811-4BC2E37C9B16}.Debug|Any CPU.ActiveCfg = Debug|Any CPU
		{C0FFC5DB-8BD4-463D-9811-4BC2E37C9B16}.Debug|Any CPU.Build.0 = Debug|Any CPU
		{C0FFC5DB-8BD4-463D-9811-4BC2E37C9B16}.Debug|x64.ActiveCfg = Debug|Any CPU
		{C0FFC5DB-8BD4-463D-9811-4BC2E37C9B16}.Debug|x64.Build.0 = Debug|Any CPU
		{C0FFC5DB-8BD4-463D-9811-4BC2E37C9B16}.Debug|x86.ActiveCfg = Debug|Any CPU
		{C0FFC5DB-8BD4-463D-9811-4BC2E37C9B16}.Debug|x86.Build.0 = Debug|Any CPU
		{C0FFC5DB-8BD4-463D-9811-4BC2E37C9B16}.Release|Any CPU.ActiveCfg = Release|Any CPU
		{C0FFC5DB-8BD4-463D-9811-4BC2E37C9B16}.Release|Any CPU.Build.0 = Release|Any CPU
		{C0FFC5DB-8BD4-463D-9811-4BC2E37C9B16}.Release|x64.ActiveCfg = Release|Any CPU
		{C0FFC5DB-8BD4-463D-9811-4BC2E37C9B16}.Release|x64.Build.0 = Release|Any CPU
		{C0FFC5DB-8BD4-463D-9811-4BC2E37C9B16}.Release|x86.ActiveCfg = Release|Any CPU
		{C0FFC5DB-8BD4-463D-9811-4BC2E37C9B16}.Release|x86.Build.0 = Release|Any CPU
		{7B60C7BE-20EC-4280-9EFF-6077CE9D7D22}.Debug|Any CPU.ActiveCfg = Debug|Any CPU
		{7B60C7BE-20EC-4280-9EFF-6077CE9D7D22}.Debug|Any CPU.Build.0 = Debug|Any CPU
		{7B60C7BE-20EC-4280-9EFF-6077CE9D7D22}.Debug|x64.ActiveCfg = Debug|Any CPU
		{7B60C7BE-20EC-4280-9EFF-6077CE9D7D22}.Debug|x64.Build.0 = Debug|Any CPU
		{7B60C7BE-20EC-4280-9EFF-6077CE9D7D22}.Debug|x86.ActiveCfg = Debug|Any CPU
		{7B60C7BE-20EC-4280-9EFF-6077CE9D7D22}.Debug|x86.Build.0 = Debug|Any CPU
		{7B60C7BE-20EC-4280-9EFF-6077CE9D7D22}.Release|Any CPU.ActiveCfg = Release|Any CPU
		{7B60C7BE-20EC-4280-9EFF-6077CE9D7D22}.Release|Any CPU.Build.0 = Release|Any CPU
		{7B60C7BE-20EC-4280-9EFF-6077CE9D7D22}.Release|x64.ActiveCfg = Release|Any CPU
		{7B60C7BE-20EC-4280-9EFF-6077CE9D7D22}.Release|x64.Build.0 = Release|Any CPU
		{7B60C7BE-20EC-4280-9EFF-6077CE9D7D22}.Release|x86.ActiveCfg = Release|Any CPU
		{7B60C7BE-20EC-4280-9EFF-6077CE9D7D22}.Release|x86.Build.0 = Release|Any CPU
		{E6470CE5-1019-4D20-AE86-A9B4EBB537DF}.Debug|Any CPU.ActiveCfg = Debug|Any CPU
		{E6470CE5-1019-4D20-AE86-A9B4EBB537DF}.Debug|Any CPU.Build.0 = Debug|Any CPU
		{E6470CE5-1019-4D20-AE86-A9B4EBB537DF}.Debug|x64.ActiveCfg = Debug|Any CPU
		{E6470CE5-1019-4D20-AE86-A9B4EBB537DF}.Debug|x64.Build.0 = Debug|Any CPU
		{E6470CE5-1019-4D20-AE86-A9B4EBB537DF}.Debug|x86.ActiveCfg = Debug|Any CPU
		{E6470CE5-1019-4D20-AE86-A9B4EBB537DF}.Debug|x86.Build.0 = Debug|Any CPU
		{E6470CE5-1019-4D20-AE86-A9B4EBB537DF}.Release|Any CPU.ActiveCfg = Release|Any CPU
		{E6470CE5-1019-4D20-AE86-A9B4EBB537DF}.Release|Any CPU.Build.0 = Release|Any CPU
		{E6470CE5-1019-4D20-AE86-A9B4EBB537DF}.Release|x64.ActiveCfg = Release|Any CPU
		{E6470CE5-1019-4D20-AE86-A9B4EBB537DF}.Release|x64.Build.0 = Release|Any CPU
		{E6470CE5-1019-4D20-AE86-A9B4EBB537DF}.Release|x86.ActiveCfg = Release|Any CPU
		{E6470CE5-1019-4D20-AE86-A9B4EBB537DF}.Release|x86.Build.0 = Release|Any CPU
		{A5D684C0-A625-4CE1-A052-1728F5D70162}.Debug|Any CPU.ActiveCfg = Debug|Any CPU
		{A5D684C0-A625-4CE1-A052-1728F5D70162}.Debug|Any CPU.Build.0 = Debug|Any CPU
		{A5D684C0-A625-4CE1-A052-1728F5D70162}.Debug|x64.ActiveCfg = Debug|Any CPU
		{A5D684C0-A625-4CE1-A052-1728F5D70162}.Debug|x64.Build.0 = Debug|Any CPU
		{A5D684C0-A625-4CE1-A052-1728F5D70162}.Debug|x86.ActiveCfg = Debug|Any CPU
		{A5D684C0-A625-4CE1-A052-1728F5D70162}.Debug|x86.Build.0 = Debug|Any CPU
		{A5D684C0-A625-4CE1-A052-1728F5D70162}.Release|Any CPU.ActiveCfg = Release|Any CPU
		{A5D684C0-A625-4CE1-A052-1728F5D70162}.Release|Any CPU.Build.0 = Release|Any CPU
		{A5D684C0-A625-4CE1-A052-1728F5D70162}.Release|x64.ActiveCfg = Release|Any CPU
		{A5D684C0-A625-4CE1-A052-1728F5D70162}.Release|x64.Build.0 = Release|Any CPU
		{A5D684C0-A625-4CE1-A052-1728F5D70162}.Release|x86.ActiveCfg = Release|Any CPU
		{A5D684C0-A625-4CE1-A052-1728F5D70162}.Release|x86.Build.0 = Release|Any CPU
		{A9A0CB75-39E3-4841-A82E-2D83ACA6EEF5}.Debug|Any CPU.ActiveCfg = Debug|Any CPU
		{A9A0CB75-39E3-4841-A82E-2D83ACA6EEF5}.Debug|Any CPU.Build.0 = Debug|Any CPU
		{A9A0CB75-39E3-4841-A82E-2D83ACA6EEF5}.Debug|x64.ActiveCfg = Debug|Any CPU
		{A9A0CB75-39E3-4841-A82E-2D83ACA6EEF5}.Debug|x64.Build.0 = Debug|Any CPU
		{A9A0CB75-39E3-4841-A82E-2D83ACA6EEF5}.Debug|x86.ActiveCfg = Debug|Any CPU
		{A9A0CB75-39E3-4841-A82E-2D83ACA6EEF5}.Debug|x86.Build.0 = Debug|Any CPU
		{A9A0CB75-39E3-4841-A82E-2D83ACA6EEF5}.Release|Any CPU.ActiveCfg = Release|Any CPU
		{A9A0CB75-39E3-4841-A82E-2D83ACA6EEF5}.Release|Any CPU.Build.0 = Release|Any CPU
		{A9A0CB75-39E3-4841-A82E-2D83ACA6EEF5}.Release|x64.ActiveCfg = Release|Any CPU
		{A9A0CB75-39E3-4841-A82E-2D83ACA6EEF5}.Release|x64.Build.0 = Release|Any CPU
		{A9A0CB75-39E3-4841-A82E-2D83ACA6EEF5}.Release|x86.ActiveCfg = Release|Any CPU
		{A9A0CB75-39E3-4841-A82E-2D83ACA6EEF5}.Release|x86.Build.0 = Release|Any CPU
		{50A905F0-DD32-4C09-8633-524D53DC1BE3}.Debug|Any CPU.ActiveCfg = Debug|Any CPU
		{50A905F0-DD32-4C09-8633-524D53DC1BE3}.Debug|Any CPU.Build.0 = Debug|Any CPU
		{50A905F0-DD32-4C09-8633-524D53DC1BE3}.Debug|x64.ActiveCfg = Debug|Any CPU
		{50A905F0-DD32-4C09-8633-524D53DC1BE3}.Debug|x64.Build.0 = Debug|Any CPU
		{50A905F0-DD32-4C09-8633-524D53DC1BE3}.Debug|x86.ActiveCfg = Debug|Any CPU
		{50A905F0-DD32-4C09-8633-524D53DC1BE3}.Debug|x86.Build.0 = Debug|Any CPU
		{50A905F0-DD32-4C09-8633-524D53DC1BE3}.Release|Any CPU.ActiveCfg = Release|Any CPU
		{50A905F0-DD32-4C09-8633-524D53DC1BE3}.Release|Any CPU.Build.0 = Release|Any CPU
		{50A905F0-DD32-4C09-8633-524D53DC1BE3}.Release|x64.ActiveCfg = Release|Any CPU
		{50A905F0-DD32-4C09-8633-524D53DC1BE3}.Release|x64.Build.0 = Release|Any CPU
		{50A905F0-DD32-4C09-8633-524D53DC1BE3}.Release|x86.ActiveCfg = Release|Any CPU
		{50A905F0-DD32-4C09-8633-524D53DC1BE3}.Release|x86.Build.0 = Release|Any CPU
		{04BA7CC7-6E8F-4A5A-B43A-241EEA2D6076}.Debug|Any CPU.ActiveCfg = Debug|Any CPU
		{04BA7CC7-6E8F-4A5A-B43A-241EEA2D6076}.Debug|Any CPU.Build.0 = Debug|Any CPU
		{04BA7CC7-6E8F-4A5A-B43A-241EEA2D6076}.Debug|x64.ActiveCfg = Debug|Any CPU
		{04BA7CC7-6E8F-4A5A-B43A-241EEA2D6076}.Debug|x64.Build.0 = Debug|Any CPU
		{04BA7CC7-6E8F-4A5A-B43A-241EEA2D6076}.Debug|x86.ActiveCfg = Debug|Any CPU
		{04BA7CC7-6E8F-4A5A-B43A-241EEA2D6076}.Debug|x86.Build.0 = Debug|Any CPU
		{04BA7CC7-6E8F-4A5A-B43A-241EEA2D6076}.Release|Any CPU.ActiveCfg = Release|Any CPU
		{04BA7CC7-6E8F-4A5A-B43A-241EEA2D6076}.Release|Any CPU.Build.0 = Release|Any CPU
		{04BA7CC7-6E8F-4A5A-B43A-241EEA2D6076}.Release|x64.ActiveCfg = Release|Any CPU
		{04BA7CC7-6E8F-4A5A-B43A-241EEA2D6076}.Release|x64.Build.0 = Release|Any CPU
		{04BA7CC7-6E8F-4A5A-B43A-241EEA2D6076}.Release|x86.ActiveCfg = Release|Any CPU
		{04BA7CC7-6E8F-4A5A-B43A-241EEA2D6076}.Release|x86.Build.0 = Release|Any CPU
		{D87FEB2F-D95C-47E3-84FE-B5BD43AD7965}.Debug|Any CPU.ActiveCfg = Debug|Any CPU
		{D87FEB2F-D95C-47E3-84FE-B5BD43AD7965}.Debug|Any CPU.Build.0 = Debug|Any CPU
		{D87FEB2F-D95C-47E3-84FE-B5BD43AD7965}.Debug|x64.ActiveCfg = Debug|Any CPU
		{D87FEB2F-D95C-47E3-84FE-B5BD43AD7965}.Debug|x64.Build.0 = Debug|Any CPU
		{D87FEB2F-D95C-47E3-84FE-B5BD43AD7965}.Debug|x86.ActiveCfg = Debug|Any CPU
		{D87FEB2F-D95C-47E3-84FE-B5BD43AD7965}.Debug|x86.Build.0 = Debug|Any CPU
		{D87FEB2F-D95C-47E3-84FE-B5BD43AD7965}.Release|Any CPU.ActiveCfg = Release|Any CPU
		{D87FEB2F-D95C-47E3-84FE-B5BD43AD7965}.Release|Any CPU.Build.0 = Release|Any CPU
		{D87FEB2F-D95C-47E3-84FE-B5BD43AD7965}.Release|x64.ActiveCfg = Release|Any CPU
		{D87FEB2F-D95C-47E3-84FE-B5BD43AD7965}.Release|x64.Build.0 = Release|Any CPU
		{D87FEB2F-D95C-47E3-84FE-B5BD43AD7965}.Release|x86.ActiveCfg = Release|Any CPU
		{D87FEB2F-D95C-47E3-84FE-B5BD43AD7965}.Release|x86.Build.0 = Release|Any CPU
		{BCFBCF2D-59B0-4095-AADB-25DA385DEC9B}.Debug|Any CPU.ActiveCfg = Debug|Any CPU
		{BCFBCF2D-59B0-4095-AADB-25DA385DEC9B}.Debug|Any CPU.Build.0 = Debug|Any CPU
		{BCFBCF2D-59B0-4095-AADB-25DA385DEC9B}.Debug|x64.ActiveCfg = Debug|Any CPU
		{BCFBCF2D-59B0-4095-AADB-25DA385DEC9B}.Debug|x64.Build.0 = Debug|Any CPU
		{BCFBCF2D-59B0-4095-AADB-25DA385DEC9B}.Debug|x86.ActiveCfg = Debug|Any CPU
		{BCFBCF2D-59B0-4095-AADB-25DA385DEC9B}.Debug|x86.Build.0 = Debug|Any CPU
		{BCFBCF2D-59B0-4095-AADB-25DA385DEC9B}.Release|Any CPU.ActiveCfg = Release|Any CPU
		{BCFBCF2D-59B0-4095-AADB-25DA385DEC9B}.Release|Any CPU.Build.0 = Release|Any CPU
		{BCFBCF2D-59B0-4095-AADB-25DA385DEC9B}.Release|x64.ActiveCfg = Release|Any CPU
		{BCFBCF2D-59B0-4095-AADB-25DA385DEC9B}.Release|x64.Build.0 = Release|Any CPU
		{BCFBCF2D-59B0-4095-AADB-25DA385DEC9B}.Release|x86.ActiveCfg = Release|Any CPU
		{BCFBCF2D-59B0-4095-AADB-25DA385DEC9B}.Release|x86.Build.0 = Release|Any CPU
		{53CF2A52-C9CC-4426-8A59-26C14279FDA7}.Debug|Any CPU.ActiveCfg = Debug|Any CPU
		{53CF2A52-C9CC-4426-8A59-26C14279FDA7}.Debug|Any CPU.Build.0 = Debug|Any CPU
		{53CF2A52-C9CC-4426-8A59-26C14279FDA7}.Debug|x64.ActiveCfg = Debug|Any CPU
		{53CF2A52-C9CC-4426-8A59-26C14279FDA7}.Debug|x64.Build.0 = Debug|Any CPU
		{53CF2A52-C9CC-4426-8A59-26C14279FDA7}.Debug|x86.ActiveCfg = Debug|Any CPU
		{53CF2A52-C9CC-4426-8A59-26C14279FDA7}.Debug|x86.Build.0 = Debug|Any CPU
		{53CF2A52-C9CC-4426-8A59-26C14279FDA7}.Release|Any CPU.ActiveCfg = Release|Any CPU
		{53CF2A52-C9CC-4426-8A59-26C14279FDA7}.Release|Any CPU.Build.0 = Release|Any CPU
		{53CF2A52-C9CC-4426-8A59-26C14279FDA7}.Release|x64.ActiveCfg = Release|Any CPU
		{53CF2A52-C9CC-4426-8A59-26C14279FDA7}.Release|x64.Build.0 = Release|Any CPU
		{53CF2A52-C9CC-4426-8A59-26C14279FDA7}.Release|x86.ActiveCfg = Release|Any CPU
		{53CF2A52-C9CC-4426-8A59-26C14279FDA7}.Release|x86.Build.0 = Release|Any CPU
		{28BE791A-B30A-406A-9938-B0A5CAB6FC58}.Debug|Any CPU.ActiveCfg = Debug|Any CPU
		{28BE791A-B30A-406A-9938-B0A5CAB6FC58}.Debug|Any CPU.Build.0 = Debug|Any CPU
		{28BE791A-B30A-406A-9938-B0A5CAB6FC58}.Debug|x64.ActiveCfg = Debug|Any CPU
		{28BE791A-B30A-406A-9938-B0A5CAB6FC58}.Debug|x64.Build.0 = Debug|Any CPU
		{28BE791A-B30A-406A-9938-B0A5CAB6FC58}.Debug|x86.ActiveCfg = Debug|Any CPU
		{28BE791A-B30A-406A-9938-B0A5CAB6FC58}.Debug|x86.Build.0 = Debug|Any CPU
		{28BE791A-B30A-406A-9938-B0A5CAB6FC58}.Release|Any CPU.ActiveCfg = Release|Any CPU
		{28BE791A-B30A-406A-9938-B0A5CAB6FC58}.Release|Any CPU.Build.0 = Release|Any CPU
		{28BE791A-B30A-406A-9938-B0A5CAB6FC58}.Release|x64.ActiveCfg = Release|Any CPU
		{28BE791A-B30A-406A-9938-B0A5CAB6FC58}.Release|x64.Build.0 = Release|Any CPU
		{28BE791A-B30A-406A-9938-B0A5CAB6FC58}.Release|x86.ActiveCfg = Release|Any CPU
		{28BE791A-B30A-406A-9938-B0A5CAB6FC58}.Release|x86.Build.0 = Release|Any CPU
		{FD60AEC4-FCCF-46CE-8297-64453FAC7A94}.Debug|Any CPU.ActiveCfg = Debug|Any CPU
		{FD60AEC4-FCCF-46CE-8297-64453FAC7A94}.Debug|Any CPU.Build.0 = Debug|Any CPU
		{FD60AEC4-FCCF-46CE-8297-64453FAC7A94}.Debug|x64.ActiveCfg = Debug|Any CPU
		{FD60AEC4-FCCF-46CE-8297-64453FAC7A94}.Debug|x64.Build.0 = Debug|Any CPU
		{FD60AEC4-FCCF-46CE-8297-64453FAC7A94}.Debug|x86.ActiveCfg = Debug|Any CPU
		{FD60AEC4-FCCF-46CE-8297-64453FAC7A94}.Debug|x86.Build.0 = Debug|Any CPU
		{FD60AEC4-FCCF-46CE-8297-64453FAC7A94}.Release|Any CPU.ActiveCfg = Release|Any CPU
		{FD60AEC4-FCCF-46CE-8297-64453FAC7A94}.Release|Any CPU.Build.0 = Release|Any CPU
		{FD60AEC4-FCCF-46CE-8297-64453FAC7A94}.Release|x64.ActiveCfg = Release|Any CPU
		{FD60AEC4-FCCF-46CE-8297-64453FAC7A94}.Release|x64.Build.0 = Release|Any CPU
		{FD60AEC4-FCCF-46CE-8297-64453FAC7A94}.Release|x86.ActiveCfg = Release|Any CPU
		{FD60AEC4-FCCF-46CE-8297-64453FAC7A94}.Release|x86.Build.0 = Release|Any CPU
		{2764E7F9-F852-42BA-95DE-5877C4910D35}.Debug|Any CPU.ActiveCfg = Debug|Any CPU
		{2764E7F9-F852-42BA-95DE-5877C4910D35}.Debug|Any CPU.Build.0 = Debug|Any CPU
		{2764E7F9-F852-42BA-95DE-5877C4910D35}.Debug|x64.ActiveCfg = Debug|Any CPU
		{2764E7F9-F852-42BA-95DE-5877C4910D35}.Debug|x64.Build.0 = Debug|Any CPU
		{2764E7F9-F852-42BA-95DE-5877C4910D35}.Debug|x86.ActiveCfg = Debug|Any CPU
		{2764E7F9-F852-42BA-95DE-5877C4910D35}.Debug|x86.Build.0 = Debug|Any CPU
		{2764E7F9-F852-42BA-95DE-5877C4910D35}.Release|Any CPU.ActiveCfg = Release|Any CPU
		{2764E7F9-F852-42BA-95DE-5877C4910D35}.Release|Any CPU.Build.0 = Release|Any CPU
		{2764E7F9-F852-42BA-95DE-5877C4910D35}.Release|x64.ActiveCfg = Release|Any CPU
		{2764E7F9-F852-42BA-95DE-5877C4910D35}.Release|x64.Build.0 = Release|Any CPU
		{2764E7F9-F852-42BA-95DE-5877C4910D35}.Release|x86.ActiveCfg = Release|Any CPU
		{2764E7F9-F852-42BA-95DE-5877C4910D35}.Release|x86.Build.0 = Release|Any CPU
		{BBE936BD-74ED-4A0F-BFBE-D2F58DB80ACF}.Debug|Any CPU.ActiveCfg = Debug|Any CPU
		{BBE936BD-74ED-4A0F-BFBE-D2F58DB80ACF}.Debug|Any CPU.Build.0 = Debug|Any CPU
		{BBE936BD-74ED-4A0F-BFBE-D2F58DB80ACF}.Debug|x64.ActiveCfg = Debug|Any CPU
		{BBE936BD-74ED-4A0F-BFBE-D2F58DB80ACF}.Debug|x64.Build.0 = Debug|Any CPU
		{BBE936BD-74ED-4A0F-BFBE-D2F58DB80ACF}.Debug|x86.ActiveCfg = Debug|Any CPU
		{BBE936BD-74ED-4A0F-BFBE-D2F58DB80ACF}.Debug|x86.Build.0 = Debug|Any CPU
		{BBE936BD-74ED-4A0F-BFBE-D2F58DB80ACF}.Release|Any CPU.ActiveCfg = Release|Any CPU
		{BBE936BD-74ED-4A0F-BFBE-D2F58DB80ACF}.Release|Any CPU.Build.0 = Release|Any CPU
		{BBE936BD-74ED-4A0F-BFBE-D2F58DB80ACF}.Release|x64.ActiveCfg = Release|Any CPU
		{BBE936BD-74ED-4A0F-BFBE-D2F58DB80ACF}.Release|x64.Build.0 = Release|Any CPU
		{BBE936BD-74ED-4A0F-BFBE-D2F58DB80ACF}.Release|x86.ActiveCfg = Release|Any CPU
		{BBE936BD-74ED-4A0F-BFBE-D2F58DB80ACF}.Release|x86.Build.0 = Release|Any CPU
	EndGlobalSection
	GlobalSection(SolutionProperties) = preSolution
		HideSolutionNode = FALSE
	EndGlobalSection
	GlobalSection(NestedProjects) = preSolution
		{801DEF84-9A58-4463-B9C8-7153941A62DE} = {827E0CD3-B72D-47B6-A68D-7590B98EB39B}
		{9F126F18-8291-43CF-B52F-0AF1F78F2672} = {0AB3BF05-4346-4AA6-1389-037BE0695223}
		{06EB940C-297F-4D00-8DA3-D89C2FF27889} = {827E0CD3-B72D-47B6-A68D-7590B98EB39B}
		{ACC29236-2F21-4CA2-B55C-CBC417B72026} = {0AB3BF05-4346-4AA6-1389-037BE0695223}
		{CA134758-7324-4D55-9CBA-C2F3D6439D39} = {5D20AA90-6969-D8BD-9DCD-8634F4692FDA}
		{C566D278-F63F-4905-9176-A790A8C3CD13} = {5D20AA90-6969-D8BD-9DCD-8634F4692FDA}
		{610CD859-ED6B-422F-84B3-EA8DFC18BC86} = {5D20AA90-6969-D8BD-9DCD-8634F4692FDA}
		{688D1985-635E-454A-A72B-6C4E1C0BDC62} = {5D20AA90-6969-D8BD-9DCD-8634F4692FDA}
		{7F7D8FD2-8BA1-45D3-9D41-1A477B21F98D} = {5D20AA90-6969-D8BD-9DCD-8634F4692FDA}
		{455FC25D-3E4E-4E0A-B4F1-99B62B1FF944} = {5D20AA90-6969-D8BD-9DCD-8634F4692FDA}
		{F00AB028-DBE8-44AE-8DD2-434CFFB5DDF3} = {5D20AA90-6969-D8BD-9DCD-8634F4692FDA}
		{161E2D15-1F9A-4218-A51D-5EA6274E84D2} = {5D20AA90-6969-D8BD-9DCD-8634F4692FDA}
		{C0FFC5DB-8BD4-463D-9811-4BC2E37C9B16} = {5D20AA90-6969-D8BD-9DCD-8634F4692FDA}
		{7B60C7BE-20EC-4280-9EFF-6077CE9D7D22} = {5D20AA90-6969-D8BD-9DCD-8634F4692FDA}
		{E6470CE5-1019-4D20-AE86-A9B4EBB537DF} = {5D20AA90-6969-D8BD-9DCD-8634F4692FDA}
		{A5D684C0-A625-4CE1-A052-1728F5D70162} = {5D20AA90-6969-D8BD-9DCD-8634F4692FDA}
		{A9A0CB75-39E3-4841-A82E-2D83ACA6EEF5} = {5D20AA90-6969-D8BD-9DCD-8634F4692FDA}
		{50A905F0-DD32-4C09-8633-524D53DC1BE3} = {5D20AA90-6969-D8BD-9DCD-8634F4692FDA}
		{04BA7CC7-6E8F-4A5A-B43A-241EEA2D6076} = {5D20AA90-6969-D8BD-9DCD-8634F4692FDA}
		{D87FEB2F-D95C-47E3-84FE-B5BD43AD7965} = {827E0CD3-B72D-47B6-A68D-7590B98EB39B}
		{BCFBCF2D-59B0-4095-AADB-25DA385DEC9B} = {827E0CD3-B72D-47B6-A68D-7590B98EB39B}
		{53CF2A52-C9CC-4426-8A59-26C14279FDA7} = {827E0CD3-B72D-47B6-A68D-7590B98EB39B}
		{28BE791A-B30A-406A-9938-B0A5CAB6FC58} = {827E0CD3-B72D-47B6-A68D-7590B98EB39B}
		{FD60AEC4-FCCF-46CE-8297-64453FAC7A94} = {827E0CD3-B72D-47B6-A68D-7590B98EB39B}
		{2764E7F9-F852-42BA-95DE-5877C4910D35} = {827E0CD3-B72D-47B6-A68D-7590B98EB39B}
		{BBE936BD-74ED-4A0F-BFBE-D2F58DB80ACF} = {5D20AA90-6969-D8BD-9DCD-8634F4692FDA}
	EndGlobalSection
EndGlobal
