{
  "version": 1,
  "dependencies": {
    "net10.0": {
      "ClosedXML": {
        "type": "Direct",
        "requested": "[0.105.1, )",
        "resolved": "0.105.1",
        "contentHash": "X1ruIP9h2FBEK7jmO0peq3s6/Zqt5ve5a9f9kn6WUjdsUWvGbQlqxuGLz822xuFLlmnSeAfWFTGeX/tZlmAt+g==",
        "dependencies": {
          "ClosedXML.Parser": "2.0.0",
          "DocumentFormat.OpenXml": "[3.1.1, 4.0.0)",
          "ExcelNumberFormat": "1.1.0",
          "RBush.Signed": "4.0.0",
          "SixLabors.Fonts": "[1.0.0, 3.0.0)"
        }
      },
      "DocumentFormat.OpenXml": {
        "type": "Direct",
        "requested": "[3.5.1, )",
        "resolved": "3.5.1",
        "contentHash": "zxdOf5VVCe/uNklbRhj8dVBzQGj3DoqkUuqOp9cAZVuN8mNYDjof1lvSQA2OQNr8Ptc9d7pbA7Azq/ReaI3FpA==",
        "dependencies": {
          "DocumentFormat.OpenXml.Framework": "3.5.1"
        }
      },
      "HtmlToOpenXml.dll": {
        "type": "Direct",
        "requested": "[3.5.0, )",
        "resolved": "3.5.0",
        "contentHash": "ULQqQidtvWfGhds11YWG0uAkRYGXFzn3mNA6ZVnByJUV/1pqkR4fVAF3f7V1cSbpdSWCwoPtFbAef//rUNCmKA==",
        "dependencies": {
          "AngleSharp": "1.5.0",
          "DocumentFormat.OpenXml": "3.5.1",
          "Microsoft.Extensions.Logging.Abstractions": "6.0.0"
        }
      },
      "OfficeIMO.Word.Pdf": {
        "type": "Direct",
        "requested": "[3.1.0, )",
        "resolved": "3.1.0",
        "contentHash": "S3ZVozZ61YkMNDUg6sfCvDWJYa6wDpV5b+tDuEP8MFLJozijIIAg9iNynurrB3s0wmmUkeC6Rwhx33K9qsGNZw==",
        "dependencies": {
          "OfficeIMO.Core": "3.1.0",
          "OfficeIMO.Pdf": "3.1.0",
          "OfficeIMO.Word": "3.1.0"
        }
      },
      "SixLabors.Fonts": {
        "type": "Direct",
        "requested": "[1.0.1, 1.0.1]",
        "resolved": "1.0.1",
        "contentHash": "ljezRHWc7N0azdQViib7Aa5v+DagRVkKI2/93kEbtjVczLs+yTkSq6gtGmvOcx4IqyNbO3GjLt7SAQTpLkySNw=="
      },
      "AngleSharp": {
        "type": "Transitive",
        "resolved": "1.5.0",
        "contentHash": "REAdFOAlTxr6yqmxWFFLLMB/+uvIS3N6tXXUAWjoexA0LsQB/CfZYadg+z+DkcpAwJk8gF1VF4YLsq4U1Gficg=="
      },
      "ClosedXML.Parser": {
        "type": "Transitive",
        "resolved": "2.0.0",
        "contentHash": "ngTqjYreDYNytG1W5d3ewHsw0ukmmrgV7EKnS4/40rXoYZGt07jrBvo+N+GxT49rcageUMUiprV0jYT4nwVBHQ=="
      },
      "DocumentFormat.OpenXml.Framework": {
        "type": "Transitive",
        "resolved": "3.5.1",
        "contentHash": "U5txtc3ORno73xQx9Lf2gWzfaSZnZwKHfLkTAslhlew9lxe5XbUiCt0dY1fHeAf8yRqszUAe5i/+xLC9R/Xfsw==",
        "dependencies": {
          "System.IO.Packaging": "10.0.2"
        }
      },
      "ExcelNumberFormat": {
        "type": "Transitive",
        "resolved": "1.1.0",
        "contentHash": "R3BVHPs9O+RkExbZYTGT0+9HLbi8ZrNij1Yziyw6znd3J7P3uoIR07uwTLGOogtz1p6+0sna66eBoXu7tBiVQA=="
      },
      "Microsoft.Extensions.Logging.Abstractions": {
        "type": "Transitive",
        "resolved": "6.0.0",
        "contentHash": "/HggWBbTwy8TgebGSX5DBZ24ndhzi93sHUBDvP1IxbZD7FDokYzdAr6+vbWGjw2XAfR2EJ1sfKUotpjHnFWPxA=="
      },
      "OfficeIMO.Core": {
        "type": "Transitive",
        "resolved": "3.1.0",
        "contentHash": "emx6dngAz5tgLHkJZTgG5LjHBavuOKTNYjORw1Egep8C9VvhfrCA3THBcb9yAg1YyF0KABBEtOT736ecQCXSBQ=="
      },
      "OfficeIMO.Pdf": {
        "type": "Transitive",
        "resolved": "3.1.0",
        "contentHash": "9DXHrE67q5BOsw9iBUG6rO5bZD/w4EyVOuJVyLGOthpDc+ISbj1fFU4ZAU/cYzK+9uWCha+EZjCJUKknpmMoqQ==",
        "dependencies": {
          "OfficeIMO.Core": "3.1.0"
        }
      },
      "OfficeIMO.Word": {
        "type": "Transitive",
        "resolved": "3.1.0",
        "contentHash": "CQ9gI+9X1jV4aVRq0uxPfCdeCGwrEPiN5gh8JHMGTV/baWuBkn0vTTFjmFZV7q6JgJoH67rE18FQqkjbO/IVhA==",
        "dependencies": {
          "DocumentFormat.OpenXml": "[3.5.1, 4.0.0)",
          "OfficeIMO.Core": "3.1.0"
        }
      },
      "RBush.Signed": {
        "type": "Transitive",
        "resolved": "4.0.0",
        "contentHash": "aP5KQxL5RnFNGW1f0euYVBfCatkLw5iEzMRJcXKq8LWWP4Cp3+qoSq1tDDL2vvJ2rM0ychmVMa2VaEKLS6uX4w=="
      },
      "System.IO.Packaging": {
        "type": "Transitive",
        "resolved": "10.0.2",
        "contentHash": "JTpM4z0wpoIHHDvlCU27HsXo+zVnpWib94HXQpzzr+jc/P9NYf4w353AK4MXyGq/grm1mbLi7eXsOsDU8sGmNg=="
      }
    },
    "net8.0": {
      "ClosedXML": {
        "type": "Direct",
        "requested": "[0.105.1, )",
        "resolved": "0.105.1",
        "contentHash": "X1ruIP9h2FBEK7jmO0peq3s6/Zqt5ve5a9f9kn6WUjdsUWvGbQlqxuGLz822xuFLlmnSeAfWFTGeX/tZlmAt+g==",
        "dependencies": {
          "ClosedXML.Parser": "2.0.0",
          "DocumentFormat.OpenXml": "[3.1.1, 4.0.0)",
          "ExcelNumberFormat": "1.1.0",
          "RBush.Signed": "4.0.0",
          "SixLabors.Fonts": "[1.0.0, 3.0.0)"
        }
      },
      "DocumentFormat.OpenXml": {
        "type": "Direct",
        "requested": "[3.5.1, )",
        "resolved": "3.5.1",
        "contentHash": "zxdOf5VVCe/uNklbRhj8dVBzQGj3DoqkUuqOp9cAZVuN8mNYDjof1lvSQA2OQNr8Ptc9d7pbA7Azq/ReaI3FpA==",
        "dependencies": {
          "DocumentFormat.OpenXml.Framework": "3.5.1"
        }
      },
      "HtmlToOpenXml.dll": {
        "type": "Direct",
        "requested": "[3.5.0, )",
        "resolved": "3.5.0",
        "contentHash": "ULQqQidtvWfGhds11YWG0uAkRYGXFzn3mNA6ZVnByJUV/1pqkR4fVAF3f7V1cSbpdSWCwoPtFbAef//rUNCmKA==",
        "dependencies": {
          "AngleSharp": "1.5.0",
          "DocumentFormat.OpenXml": "3.5.1",
          "Microsoft.Extensions.Logging.Abstractions": "6.0.0"
        }
      },
      "OfficeIMO.Word.Pdf": {
        "type": "Direct",
        "requested": "[3.1.0, )",
        "resolved": "3.1.0",
        "contentHash": "S3ZVozZ61YkMNDUg6sfCvDWJYa6wDpV5b+tDuEP8MFLJozijIIAg9iNynurrB3s0wmmUkeC6Rwhx33K9qsGNZw==",
        "dependencies": {
          "OfficeIMO.Core": "3.1.0",
          "OfficeIMO.Pdf": "3.1.0",
          "OfficeIMO.Word": "3.1.0"
        }
      },
      "SixLabors.Fonts": {
        "type": "Direct",
        "requested": "[1.0.1, 1.0.1]",
        "resolved": "1.0.1",
        "contentHash": "ljezRHWc7N0azdQViib7Aa5v+DagRVkKI2/93kEbtjVczLs+yTkSq6gtGmvOcx4IqyNbO3GjLt7SAQTpLkySNw=="
      },
      "AngleSharp": {
        "type": "Transitive",
        "resolved": "1.5.0",
        "contentHash": "REAdFOAlTxr6yqmxWFFLLMB/+uvIS3N6tXXUAWjoexA0LsQB/CfZYadg+z+DkcpAwJk8gF1VF4YLsq4U1Gficg=="
      },
      "ClosedXML.Parser": {
        "type": "Transitive",
        "resolved": "2.0.0",
        "contentHash": "ngTqjYreDYNytG1W5d3ewHsw0ukmmrgV7EKnS4/40rXoYZGt07jrBvo+N+GxT49rcageUMUiprV0jYT4nwVBHQ=="
      },
      "DocumentFormat.OpenXml.Framework": {
        "type": "Transitive",
        "resolved": "3.5.1",
        "contentHash": "U5txtc3ORno73xQx9Lf2gWzfaSZnZwKHfLkTAslhlew9lxe5XbUiCt0dY1fHeAf8yRqszUAe5i/+xLC9R/Xfsw==",
        "dependencies": {
          "System.IO.Packaging": "8.0.1"
        }
      },
      "ExcelNumberFormat": {
        "type": "Transitive",
        "resolved": "1.1.0",
        "contentHash": "R3BVHPs9O+RkExbZYTGT0+9HLbi8ZrNij1Yziyw6znd3J7P3uoIR07uwTLGOogtz1p6+0sna66eBoXu7tBiVQA=="
      },
      "Microsoft.Extensions.Logging.Abstractions": {
        "type": "Transitive",
        "resolved": "6.0.0",
        "contentHash": "/HggWBbTwy8TgebGSX5DBZ24ndhzi93sHUBDvP1IxbZD7FDokYzdAr6+vbWGjw2XAfR2EJ1sfKUotpjHnFWPxA=="
      },
      "OfficeIMO.Core": {
        "type": "Transitive",
        "resolved": "3.1.0",
        "contentHash": "emx6dngAz5tgLHkJZTgG5LjHBavuOKTNYjORw1Egep8C9VvhfrCA3THBcb9yAg1YyF0KABBEtOT736ecQCXSBQ=="
      },
      "OfficeIMO.Pdf": {
        "type": "Transitive",
        "resolved": "3.1.0",
        "contentHash": "9DXHrE67q5BOsw9iBUG6rO5bZD/w4EyVOuJVyLGOthpDc+ISbj1fFU4ZAU/cYzK+9uWCha+EZjCJUKknpmMoqQ==",
        "dependencies": {
          "OfficeIMO.Core": "3.1.0"
        }
      },
      "OfficeIMO.Word": {
        "type": "Transitive",
        "resolved": "3.1.0",
        "contentHash": "CQ9gI+9X1jV4aVRq0uxPfCdeCGwrEPiN5gh8JHMGTV/baWuBkn0vTTFjmFZV7q6JgJoH67rE18FQqkjbO/IVhA==",
        "dependencies": {
          "DocumentFormat.OpenXml": "[3.5.1, 4.0.0)",
          "OfficeIMO.Core": "3.1.0"
        }
      },
      "RBush.Signed": {
        "type": "Transitive",
        "resolved": "4.0.0",
        "contentHash": "aP5KQxL5RnFNGW1f0euYVBfCatkLw5iEzMRJcXKq8LWWP4Cp3+qoSq1tDDL2vvJ2rM0ychmVMa2VaEKLS6uX4w=="
      },
      "System.IO.Packaging": {
        "type": "Transitive",
        "resolved": "8.0.1",
        "contentHash": "KYkIOAvPexQOLDxPO2g0BVoWInnQhPpkFzRqvNrNrMhVT6kqhVr0zEb6KCHlptLFukxnZrjuMVAnxK7pOGUYrw=="
      }
    }
  }
}