{
  "version": 1,
  "dependencies": {
    "net10.0": {
      "Ank.DocToolkit": {
        "type": "Direct",
        "requested": "[0.28.0, )",
        "resolved": "0.28.0",
        "contentHash": "oRGTfARFr7G5ZUoPqT8o2Y3nSCa0DMXxgL/XpofsRJR3tUJ2XRpc6cF7GQmMrO19bWOboLfCvc3UcD95dLaHoA==",
        "dependencies": {
          "ClosedXML": "0.105.1",
          "DocumentFormat.OpenXml": "3.5.1",
          "HtmlToOpenXml.dll": "3.5.0",
          "OfficeIMO.Excel": "3.2.2",
          "OfficeIMO.Excel.Pdf": "3.2.2",
          "OfficeIMO.PowerPoint": "3.2.2",
          "OfficeIMO.PowerPoint.Pdf": "3.2.2",
          "OfficeIMO.Word": "3.2.2",
          "OfficeIMO.Word.Html": "3.2.2",
          "OfficeIMO.Word.Markdown": "3.2.2",
          "OfficeIMO.Word.Pdf": "3.2.2",
          "PDFsharp": "6.2.4",
          "PdfPig": "0.1.15",
          "SixLabors.Fonts": "[1.0.1]"
        }
      },
      "Microsoft.Extensions.DependencyInjection.Abstractions": {
        "type": "Direct",
        "requested": "[8.0.2, )",
        "resolved": "8.0.2",
        "contentHash": "3iE7UF7MQkCv1cxzCahz+Y/guQbTqieyxyaWKhrRO91itI9cOKO76OHeQDahqG4MmW5umr3CcCvGmK92lWNlbg=="
      },
      "Microsoft.Extensions.Options": {
        "type": "Direct",
        "requested": "[8.0.0, )",
        "resolved": "8.0.0",
        "contentHash": "JOVOfqpnqlVLUzINQ2fox8evY2SKLYJ3BV8QDe/Jyp21u1T7r45x/R/5QdteURMR5r01GxeJSBBUOCOyaNXA3g==",
        "dependencies": {
          "Microsoft.Extensions.DependencyInjection.Abstractions": "8.0.0",
          "Microsoft.Extensions.Primitives": "8.0.0"
        }
      },
      "AngleSharp": {
        "type": "Transitive",
        "resolved": "1.7.1",
        "contentHash": "QBblGpRB3SYD66Mls7fHyl1mWkP93n7ErWDWHc1vd9sPHhdlTkmUoY3CjgfjcWNxGF9m7xjNyztRfErXqoBKOA=="
      },
      "AngleSharp.Css": {
        "type": "Transitive",
        "resolved": "1.0.1",
        "contentHash": "6S13xNHH+SUGPZd6EO1MhkuDbpEnFroUM6A8DZpLJHQnLRTvtBJb3Ydu65s618E4gWF9FSWmM5jhKk4RIfwT2A==",
        "dependencies": {
          "AngleSharp": "[1.5.0, 2.0.0)"
        }
      },
      "ClosedXML": {
        "type": "Transitive",
        "resolved": "0.105.1",
        "contentHash": "X1ruIP9h2FBEK7jmO0peq3s6/Zqt5ve5a9f9kn6WUjdsUWvGbQlqxuGLz822xuFLlmnSeAfWFTGeX/tZlmAt+g==",
        "dependencies": {
          "ClosedXML.Parser": "2.0.0",
          "DocumentFormat.OpenXml": "[3.1.1, 4.0.0)",
          "ExcelNumberFormat": "1.1.0",
          "RBush.Signed": "4.0.0",
          "SixLabors.Fonts": "[1.0.0, 3.0.0)"
        }
      },
      "ClosedXML.Parser": {
        "type": "Transitive",
        "resolved": "2.0.0",
        "contentHash": "ngTqjYreDYNytG1W5d3ewHsw0ukmmrgV7EKnS4/40rXoYZGt07jrBvo+N+GxT49rcageUMUiprV0jYT4nwVBHQ=="
      },
      "DocumentFormat.OpenXml": {
        "type": "Transitive",
        "resolved": "3.5.1",
        "contentHash": "zxdOf5VVCe/uNklbRhj8dVBzQGj3DoqkUuqOp9cAZVuN8mNYDjof1lvSQA2OQNr8Ptc9d7pbA7Azq/ReaI3FpA==",
        "dependencies": {
          "DocumentFormat.OpenXml.Framework": "3.5.1"
        }
      },
      "DocumentFormat.OpenXml.Framework": {
        "type": "Transitive",
        "resolved": "3.5.1",
        "contentHash": "U5txtc3ORno73xQx9Lf2gWzfaSZnZwKHfLkTAslhlew9lxe5XbUiCt0dY1fHeAf8yRqszUAe5i/+xLC9R/Xfsw==",
        "dependencies": {
          "System.IO.Packaging": "10.0.2"
        }
      },
      "ExcelNumberFormat": {
        "type": "Transitive",
        "resolved": "1.1.0",
        "contentHash": "R3BVHPs9O+RkExbZYTGT0+9HLbi8ZrNij1Yziyw6znd3J7P3uoIR07uwTLGOogtz1p6+0sna66eBoXu7tBiVQA=="
      },
      "HtmlToOpenXml.dll": {
        "type": "Transitive",
        "resolved": "3.5.0",
        "contentHash": "ULQqQidtvWfGhds11YWG0uAkRYGXFzn3mNA6ZVnByJUV/1pqkR4fVAF3f7V1cSbpdSWCwoPtFbAef//rUNCmKA==",
        "dependencies": {
          "AngleSharp": "1.5.0",
          "DocumentFormat.OpenXml": "3.5.1",
          "Microsoft.Extensions.Logging.Abstractions": "6.0.0"
        }
      },
      "Microsoft.Extensions.Logging.Abstractions": {
        "type": "Transitive",
        "resolved": "8.0.3",
        "contentHash": "dL0QGToTxggRLMYY4ZYX5AMwBb+byQBd/5dMiZE07Nv73o6I5Are3C7eQTh7K2+A4ct0PVISSr7TZANbiNb2yQ==",
        "dependencies": {
          "Microsoft.Extensions.DependencyInjection.Abstractions": "8.0.2"
        }
      },
      "Microsoft.Extensions.Primitives": {
        "type": "Transitive",
        "resolved": "8.0.0",
        "contentHash": "bXJEZrW9ny8vjMF1JV253WeLhpEVzFo1lyaZu1vQ4ZxWUlVvknZ/+ftFgVheLubb4eZPSwwxBeqS1JkCOjxd8g=="
      },
      "OfficeIMO.Core": {
        "type": "Transitive",
        "resolved": "3.2.2",
        "contentHash": "mMU5WpBZq6uUo36Cm8PkYJU+vdpEzY6alKxhI2FlsdsrrCvLCOi9jSNSOEcFQWYYJM2NR95TYSB3M8RGv4jFEA=="
      },
      "OfficeIMO.Excel": {
        "type": "Transitive",
        "resolved": "3.2.2",
        "contentHash": "EiaSyuzGhgbWb9w8nD13c1VgW0WxKZn+OJw/viGfdb/nPsSfWH2U3Q0v65xs2/8E0zR8ie/TKUA0XSFsTN/kNQ==",
        "dependencies": {
          "DocumentFormat.OpenXml": "[3.5.1, 4.0.0)",
          "OfficeIMO.Core": "3.2.2"
        }
      },
      "OfficeIMO.Excel.Pdf": {
        "type": "Transitive",
        "resolved": "3.2.2",
        "contentHash": "4/FwGZgngIhh3Koaad5dMuMXPafU/1NkzACqqq1B0nqfOUENKeuHELUVGE3sLBwbAvP79qFdaWH/HIWL4lI8fw==",
        "dependencies": {
          "OfficeIMO.Core": "3.2.2",
          "OfficeIMO.Excel": "3.2.2",
          "OfficeIMO.Pdf": "3.2.2"
        }
      },
      "OfficeIMO.Html": {
        "type": "Transitive",
        "resolved": "3.2.2",
        "contentHash": "Bx5CBZqGDXlnOWUwIpSnvtn3ZcOBSF0Vu9gWTE2BaNoGWY4/KpKr/4ludhB7FRM1lD/OVNYZXoFzdZug4NyryA==",
        "dependencies": {
          "AngleSharp": "1.7.1",
          "AngleSharp.Css": "1.0.1",
          "OfficeIMO.Core": "3.2.2"
        }
      },
      "OfficeIMO.Markdown": {
        "type": "Transitive",
        "resolved": "3.2.2",
        "contentHash": "KtlS5Vg0znlcyjiuA6wEeCT6QL/7vpgSgCgQ24SFCq5EM+u119TJiFnGf/bzlb3u3sWeBjh41v8yMhNR4j6dgA==",
        "dependencies": {
          "OfficeIMO.Core": "3.2.2"
        }
      },
      "OfficeIMO.Markdown.Html": {
        "type": "Transitive",
        "resolved": "3.2.2",
        "contentHash": "zWh9vLgvQBoZXeJyoCR50fKwCnEpPYo2iaR5NekF4zkt7xVf/4m1yH+ucIGUdwHpCWAy3H4M3D2gLo9pF05oqw==",
        "dependencies": {
          "OfficeIMO.Html": "3.2.2",
          "OfficeIMO.Markdown": "3.2.2"
        }
      },
      "OfficeIMO.Pdf": {
        "type": "Transitive",
        "resolved": "3.2.2",
        "contentHash": "zQRykM+xq7I+0u0f9Aoa4JK8YL2iBpjJVN09pX8ZjKNvudjDpwOL4Tqs9Uxz4H4cnMu0x9fY/0hxaewu89c5Vg==",
        "dependencies": {
          "OfficeIMO.Core": "3.2.2"
        }
      },
      "OfficeIMO.PowerPoint": {
        "type": "Transitive",
        "resolved": "3.2.2",
        "contentHash": "4B5azfMM2pvz8kNOqaWSW1HVhAjaT1nj51G9M4/OvAolIQMtxX3kRHY/rhSQlGpvHWBJxm7Oy/7KEaugsEOf8w==",
        "dependencies": {
          "DocumentFormat.OpenXml": "[3.5.1, 4.0.0)",
          "OfficeIMO.Core": "3.2.2"
        }
      },
      "OfficeIMO.PowerPoint.Pdf": {
        "type": "Transitive",
        "resolved": "3.2.2",
        "contentHash": "wdhm2p0n1rRudQF22N9W2oqI4lloDKZNUx+Yo48NZDNzmiaq73IFv6i2K4+DpOIVcRcr8XxGbPx9BEzwzRxgUw==",
        "dependencies": {
          "OfficeIMO.Core": "3.2.2",
          "OfficeIMO.Pdf": "3.2.2",
          "OfficeIMO.PowerPoint": "3.2.2"
        }
      },
      "OfficeIMO.Word": {
        "type": "Transitive",
        "resolved": "3.2.2",
        "contentHash": "KAP39SC+w4GIn+lduKf2PWHwB4m1cLtBO6k/KhWq6mQEXAqjPtWyb3jhLopyL0B851Oi73DzLDENKC/LipvDFg==",
        "dependencies": {
          "DocumentFormat.OpenXml": "[3.5.1, 4.0.0)",
          "OfficeIMO.Core": "3.2.2"
        }
      },
      "OfficeIMO.Word.Html": {
        "type": "Transitive",
        "resolved": "3.2.2",
        "contentHash": "GpdplPuL563At70J2pum6GA2BsgU8O2GrEf2OHUO/R8hJUaF3CzBoY7zNJddHFiuVS5BuaYrZ9eL7wSMl4AK6Q==",
        "dependencies": {
          "DocumentFormat.OpenXml": "[3.5.1, 4.0.0)",
          "OfficeIMO.Core": "3.2.2",
          "OfficeIMO.Html": "3.2.2",
          "OfficeIMO.Word": "3.2.2"
        }
      },
      "OfficeIMO.Word.Markdown": {
        "type": "Transitive",
        "resolved": "3.2.2",
        "contentHash": "OE+Fl7olhlA2ESaPRS9x87SLkf13DfBgxbTJNC4x1twvURKDhw/ClreJZzdMLgCFE8N6sUk5XlU/eiYVxV8BwQ==",
        "dependencies": {
          "OfficeIMO.Core": "3.2.2",
          "OfficeIMO.Markdown": "3.2.2",
          "OfficeIMO.Markdown.Html": "3.2.2",
          "OfficeIMO.Word": "3.2.2",
          "OfficeIMO.Word.Html": "3.2.2"
        }
      },
      "OfficeIMO.Word.Pdf": {
        "type": "Transitive",
        "resolved": "3.2.2",
        "contentHash": "tH1OsmQh4Ho7aoAtAWgJxr7Qt/plRyjSteLDxJ9v/eK97wLDRcGQDQeafdNRpX4Q9eI+X+06T3PbYEJQYJCSPw==",
        "dependencies": {
          "OfficeIMO.Core": "3.2.2",
          "OfficeIMO.Pdf": "3.2.2",
          "OfficeIMO.Word": "3.2.2"
        }
      },
      "PdfPig": {
        "type": "Transitive",
        "resolved": "0.1.15",
        "contentHash": "Bf0NO4o2ZSVnemMyj21KDU1sfSgmamFC0pD4aAv19CDNXQsoO1Z6O99gNqpiK/XWWZ5d5i7JkQoT7PUBxEPz5g=="
      },
      "PDFsharp": {
        "type": "Transitive",
        "resolved": "6.2.4",
        "contentHash": "GhTr9F1uOYXHCIEOB5PXIgqn5a8WLsJL2m0eewTA0IvY1j6N4HGXHKKmEyB90/N6vrjmYamf41V9zbmdW2HY3g==",
        "dependencies": {
          "Microsoft.Extensions.Logging.Abstractions": "8.0.3",
          "System.Security.Cryptography.Pkcs": "8.0.1"
        }
      },
      "RBush.Signed": {
        "type": "Transitive",
        "resolved": "4.0.0",
        "contentHash": "aP5KQxL5RnFNGW1f0euYVBfCatkLw5iEzMRJcXKq8LWWP4Cp3+qoSq1tDDL2vvJ2rM0ychmVMa2VaEKLS6uX4w=="
      },
      "SixLabors.Fonts": {
        "type": "Transitive",
        "resolved": "1.0.1",
        "contentHash": "ljezRHWc7N0azdQViib7Aa5v+DagRVkKI2/93kEbtjVczLs+yTkSq6gtGmvOcx4IqyNbO3GjLt7SAQTpLkySNw=="
      },
      "System.IO.Packaging": {
        "type": "Transitive",
        "resolved": "10.0.2",
        "contentHash": "JTpM4z0wpoIHHDvlCU27HsXo+zVnpWib94HXQpzzr+jc/P9NYf4w353AK4MXyGq/grm1mbLi7eXsOsDU8sGmNg=="
      },
      "System.Security.Cryptography.Pkcs": {
        "type": "Transitive",
        "resolved": "8.0.1",
        "contentHash": "CoCRHFym33aUSf/NtWSVSZa99dkd0Hm7OCZUxORBjRB16LNhIEOf8THPqzIYlvKM0nNDAPTRBa1FxEECrgaxxA=="
      }
    },
    "net8.0": {
      "Ank.DocToolkit": {
        "type": "Direct",
        "requested": "[0.28.0, )",
        "resolved": "0.28.0",
        "contentHash": "oRGTfARFr7G5ZUoPqT8o2Y3nSCa0DMXxgL/XpofsRJR3tUJ2XRpc6cF7GQmMrO19bWOboLfCvc3UcD95dLaHoA==",
        "dependencies": {
          "ClosedXML": "0.105.1",
          "DocumentFormat.OpenXml": "3.5.1",
          "HtmlToOpenXml.dll": "3.5.0",
          "OfficeIMO.Excel": "3.2.2",
          "OfficeIMO.Excel.Pdf": "3.2.2",
          "OfficeIMO.PowerPoint": "3.2.2",
          "OfficeIMO.PowerPoint.Pdf": "3.2.2",
          "OfficeIMO.Word": "3.2.2",
          "OfficeIMO.Word.Html": "3.2.2",
          "OfficeIMO.Word.Markdown": "3.2.2",
          "OfficeIMO.Word.Pdf": "3.2.2",
          "PDFsharp": "6.2.4",
          "PdfPig": "0.1.15",
          "SixLabors.Fonts": "[1.0.1]"
        }
      },
      "Microsoft.Extensions.DependencyInjection.Abstractions": {
        "type": "Direct",
        "requested": "[8.0.2, )",
        "resolved": "8.0.2",
        "contentHash": "3iE7UF7MQkCv1cxzCahz+Y/guQbTqieyxyaWKhrRO91itI9cOKO76OHeQDahqG4MmW5umr3CcCvGmK92lWNlbg=="
      },
      "Microsoft.Extensions.Options": {
        "type": "Direct",
        "requested": "[8.0.0, )",
        "resolved": "8.0.0",
        "contentHash": "JOVOfqpnqlVLUzINQ2fox8evY2SKLYJ3BV8QDe/Jyp21u1T7r45x/R/5QdteURMR5r01GxeJSBBUOCOyaNXA3g==",
        "dependencies": {
          "Microsoft.Extensions.DependencyInjection.Abstractions": "8.0.0",
          "Microsoft.Extensions.Primitives": "8.0.0"
        }
      },
      "AngleSharp": {
        "type": "Transitive",
        "resolved": "1.7.1",
        "contentHash": "QBblGpRB3SYD66Mls7fHyl1mWkP93n7ErWDWHc1vd9sPHhdlTkmUoY3CjgfjcWNxGF9m7xjNyztRfErXqoBKOA=="
      },
      "AngleSharp.Css": {
        "type": "Transitive",
        "resolved": "1.0.1",
        "contentHash": "6S13xNHH+SUGPZd6EO1MhkuDbpEnFroUM6A8DZpLJHQnLRTvtBJb3Ydu65s618E4gWF9FSWmM5jhKk4RIfwT2A==",
        "dependencies": {
          "AngleSharp": "[1.5.0, 2.0.0)"
        }
      },
      "ClosedXML": {
        "type": "Transitive",
        "resolved": "0.105.1",
        "contentHash": "X1ruIP9h2FBEK7jmO0peq3s6/Zqt5ve5a9f9kn6WUjdsUWvGbQlqxuGLz822xuFLlmnSeAfWFTGeX/tZlmAt+g==",
        "dependencies": {
          "ClosedXML.Parser": "2.0.0",
          "DocumentFormat.OpenXml": "[3.1.1, 4.0.0)",
          "ExcelNumberFormat": "1.1.0",
          "RBush.Signed": "4.0.0",
          "SixLabors.Fonts": "[1.0.0, 3.0.0)"
        }
      },
      "ClosedXML.Parser": {
        "type": "Transitive",
        "resolved": "2.0.0",
        "contentHash": "ngTqjYreDYNytG1W5d3ewHsw0ukmmrgV7EKnS4/40rXoYZGt07jrBvo+N+GxT49rcageUMUiprV0jYT4nwVBHQ=="
      },
      "DocumentFormat.OpenXml": {
        "type": "Transitive",
        "resolved": "3.5.1",
        "contentHash": "zxdOf5VVCe/uNklbRhj8dVBzQGj3DoqkUuqOp9cAZVuN8mNYDjof1lvSQA2OQNr8Ptc9d7pbA7Azq/ReaI3FpA==",
        "dependencies": {
          "DocumentFormat.OpenXml.Framework": "3.5.1"
        }
      },
      "DocumentFormat.OpenXml.Framework": {
        "type": "Transitive",
        "resolved": "3.5.1",
        "contentHash": "U5txtc3ORno73xQx9Lf2gWzfaSZnZwKHfLkTAslhlew9lxe5XbUiCt0dY1fHeAf8yRqszUAe5i/+xLC9R/Xfsw==",
        "dependencies": {
          "System.IO.Packaging": "8.0.1"
        }
      },
      "ExcelNumberFormat": {
        "type": "Transitive",
        "resolved": "1.1.0",
        "contentHash": "R3BVHPs9O+RkExbZYTGT0+9HLbi8ZrNij1Yziyw6znd3J7P3uoIR07uwTLGOogtz1p6+0sna66eBoXu7tBiVQA=="
      },
      "HtmlToOpenXml.dll": {
        "type": "Transitive",
        "resolved": "3.5.0",
        "contentHash": "ULQqQidtvWfGhds11YWG0uAkRYGXFzn3mNA6ZVnByJUV/1pqkR4fVAF3f7V1cSbpdSWCwoPtFbAef//rUNCmKA==",
        "dependencies": {
          "AngleSharp": "1.5.0",
          "DocumentFormat.OpenXml": "3.5.1",
          "Microsoft.Extensions.Logging.Abstractions": "6.0.0"
        }
      },
      "Microsoft.Extensions.Logging.Abstractions": {
        "type": "Transitive",
        "resolved": "8.0.3",
        "contentHash": "dL0QGToTxggRLMYY4ZYX5AMwBb+byQBd/5dMiZE07Nv73o6I5Are3C7eQTh7K2+A4ct0PVISSr7TZANbiNb2yQ==",
        "dependencies": {
          "Microsoft.Extensions.DependencyInjection.Abstractions": "8.0.2"
        }
      },
      "Microsoft.Extensions.Primitives": {
        "type": "Transitive",
        "resolved": "8.0.0",
        "contentHash": "bXJEZrW9ny8vjMF1JV253WeLhpEVzFo1lyaZu1vQ4ZxWUlVvknZ/+ftFgVheLubb4eZPSwwxBeqS1JkCOjxd8g=="
      },
      "OfficeIMO.Core": {
        "type": "Transitive",
        "resolved": "3.2.2",
        "contentHash": "mMU5WpBZq6uUo36Cm8PkYJU+vdpEzY6alKxhI2FlsdsrrCvLCOi9jSNSOEcFQWYYJM2NR95TYSB3M8RGv4jFEA=="
      },
      "OfficeIMO.Excel": {
        "type": "Transitive",
        "resolved": "3.2.2",
        "contentHash": "EiaSyuzGhgbWb9w8nD13c1VgW0WxKZn+OJw/viGfdb/nPsSfWH2U3Q0v65xs2/8E0zR8ie/TKUA0XSFsTN/kNQ==",
        "dependencies": {
          "DocumentFormat.OpenXml": "[3.5.1, 4.0.0)",
          "OfficeIMO.Core": "3.2.2"
        }
      },
      "OfficeIMO.Excel.Pdf": {
        "type": "Transitive",
        "resolved": "3.2.2",
        "contentHash": "4/FwGZgngIhh3Koaad5dMuMXPafU/1NkzACqqq1B0nqfOUENKeuHELUVGE3sLBwbAvP79qFdaWH/HIWL4lI8fw==",
        "dependencies": {
          "OfficeIMO.Core": "3.2.2",
          "OfficeIMO.Excel": "3.2.2",
          "OfficeIMO.Pdf": "3.2.2"
        }
      },
      "OfficeIMO.Html": {
        "type": "Transitive",
        "resolved": "3.2.2",
        "contentHash": "Bx5CBZqGDXlnOWUwIpSnvtn3ZcOBSF0Vu9gWTE2BaNoGWY4/KpKr/4ludhB7FRM1lD/OVNYZXoFzdZug4NyryA==",
        "dependencies": {
          "AngleSharp": "1.7.1",
          "AngleSharp.Css": "1.0.1",
          "OfficeIMO.Core": "3.2.2"
        }
      },
      "OfficeIMO.Markdown": {
        "type": "Transitive",
        "resolved": "3.2.2",
        "contentHash": "KtlS5Vg0znlcyjiuA6wEeCT6QL/7vpgSgCgQ24SFCq5EM+u119TJiFnGf/bzlb3u3sWeBjh41v8yMhNR4j6dgA==",
        "dependencies": {
          "OfficeIMO.Core": "3.2.2"
        }
      },
      "OfficeIMO.Markdown.Html": {
        "type": "Transitive",
        "resolved": "3.2.2",
        "contentHash": "zWh9vLgvQBoZXeJyoCR50fKwCnEpPYo2iaR5NekF4zkt7xVf/4m1yH+ucIGUdwHpCWAy3H4M3D2gLo9pF05oqw==",
        "dependencies": {
          "OfficeIMO.Html": "3.2.2",
          "OfficeIMO.Markdown": "3.2.2"
        }
      },
      "OfficeIMO.Pdf": {
        "type": "Transitive",
        "resolved": "3.2.2",
        "contentHash": "zQRykM+xq7I+0u0f9Aoa4JK8YL2iBpjJVN09pX8ZjKNvudjDpwOL4Tqs9Uxz4H4cnMu0x9fY/0hxaewu89c5Vg==",
        "dependencies": {
          "OfficeIMO.Core": "3.2.2"
        }
      },
      "OfficeIMO.PowerPoint": {
        "type": "Transitive",
        "resolved": "3.2.2",
        "contentHash": "4B5azfMM2pvz8kNOqaWSW1HVhAjaT1nj51G9M4/OvAolIQMtxX3kRHY/rhSQlGpvHWBJxm7Oy/7KEaugsEOf8w==",
        "dependencies": {
          "DocumentFormat.OpenXml": "[3.5.1, 4.0.0)",
          "OfficeIMO.Core": "3.2.2"
        }
      },
      "OfficeIMO.PowerPoint.Pdf": {
        "type": "Transitive",
        "resolved": "3.2.2",
        "contentHash": "wdhm2p0n1rRudQF22N9W2oqI4lloDKZNUx+Yo48NZDNzmiaq73IFv6i2K4+DpOIVcRcr8XxGbPx9BEzwzRxgUw==",
        "dependencies": {
          "OfficeIMO.Core": "3.2.2",
          "OfficeIMO.Pdf": "3.2.2",
          "OfficeIMO.PowerPoint": "3.2.2"
        }
      },
      "OfficeIMO.Word": {
        "type": "Transitive",
        "resolved": "3.2.2",
        "contentHash": "KAP39SC+w4GIn+lduKf2PWHwB4m1cLtBO6k/KhWq6mQEXAqjPtWyb3jhLopyL0B851Oi73DzLDENKC/LipvDFg==",
        "dependencies": {
          "DocumentFormat.OpenXml": "[3.5.1, 4.0.0)",
          "OfficeIMO.Core": "3.2.2"
        }
      },
      "OfficeIMO.Word.Html": {
        "type": "Transitive",
        "resolved": "3.2.2",
        "contentHash": "GpdplPuL563At70J2pum6GA2BsgU8O2GrEf2OHUO/R8hJUaF3CzBoY7zNJddHFiuVS5BuaYrZ9eL7wSMl4AK6Q==",
        "dependencies": {
          "DocumentFormat.OpenXml": "[3.5.1, 4.0.0)",
          "OfficeIMO.Core": "3.2.2",
          "OfficeIMO.Html": "3.2.2",
          "OfficeIMO.Word": "3.2.2"
        }
      },
      "OfficeIMO.Word.Markdown": {
        "type": "Transitive",
        "resolved": "3.2.2",
        "contentHash": "OE+Fl7olhlA2ESaPRS9x87SLkf13DfBgxbTJNC4x1twvURKDhw/ClreJZzdMLgCFE8N6sUk5XlU/eiYVxV8BwQ==",
        "dependencies": {
          "OfficeIMO.Core": "3.2.2",
          "OfficeIMO.Markdown": "3.2.2",
          "OfficeIMO.Markdown.Html": "3.2.2",
          "OfficeIMO.Word": "3.2.2",
          "OfficeIMO.Word.Html": "3.2.2"
        }
      },
      "OfficeIMO.Word.Pdf": {
        "type": "Transitive",
        "resolved": "3.2.2",
        "contentHash": "tH1OsmQh4Ho7aoAtAWgJxr7Qt/plRyjSteLDxJ9v/eK97wLDRcGQDQeafdNRpX4Q9eI+X+06T3PbYEJQYJCSPw==",
        "dependencies": {
          "OfficeIMO.Core": "3.2.2",
          "OfficeIMO.Pdf": "3.2.2",
          "OfficeIMO.Word": "3.2.2"
        }
      },
      "PdfPig": {
        "type": "Transitive",
        "resolved": "0.1.15",
        "contentHash": "Bf0NO4o2ZSVnemMyj21KDU1sfSgmamFC0pD4aAv19CDNXQsoO1Z6O99gNqpiK/XWWZ5d5i7JkQoT7PUBxEPz5g=="
      },
      "PDFsharp": {
        "type": "Transitive",
        "resolved": "6.2.4",
        "contentHash": "GhTr9F1uOYXHCIEOB5PXIgqn5a8WLsJL2m0eewTA0IvY1j6N4HGXHKKmEyB90/N6vrjmYamf41V9zbmdW2HY3g==",
        "dependencies": {
          "Microsoft.Extensions.Logging.Abstractions": "8.0.3",
          "System.Security.Cryptography.Pkcs": "8.0.1"
        }
      },
      "RBush.Signed": {
        "type": "Transitive",
        "resolved": "4.0.0",
        "contentHash": "aP5KQxL5RnFNGW1f0euYVBfCatkLw5iEzMRJcXKq8LWWP4Cp3+qoSq1tDDL2vvJ2rM0ychmVMa2VaEKLS6uX4w=="
      },
      "SixLabors.Fonts": {
        "type": "Transitive",
        "resolved": "1.0.1",
        "contentHash": "ljezRHWc7N0azdQViib7Aa5v+DagRVkKI2/93kEbtjVczLs+yTkSq6gtGmvOcx4IqyNbO3GjLt7SAQTpLkySNw=="
      },
      "System.IO.Packaging": {
        "type": "Transitive",
        "resolved": "8.0.1",
        "contentHash": "KYkIOAvPexQOLDxPO2g0BVoWInnQhPpkFzRqvNrNrMhVT6kqhVr0zEb6KCHlptLFukxnZrjuMVAnxK7pOGUYrw=="
      },
      "System.Security.Cryptography.Pkcs": {
        "type": "Transitive",
        "resolved": "8.0.1",
        "contentHash": "CoCRHFym33aUSf/NtWSVSZa99dkd0Hm7OCZUxORBjRB16LNhIEOf8THPqzIYlvKM0nNDAPTRBa1FxEECrgaxxA=="
      }
    }
  }
}