{
  "version": 1,
  "dependencies": {
    "net10.0": {
      "Ank.DocToolkit": {
        "type": "Direct",
        "requested": "[0.21.0, )",
        "resolved": "0.21.0",
        "contentHash": "uVv99e0Rmo477YqTcG+MAsbVuQr9fAZM3/6iTtYKH7BBAhvRLYmUnwzeMCYTuNlSonggCZTlqv9QY1JhdtoICw==",
        "dependencies": {
          "ClosedXML": "0.105.1",
          "DocumentFormat.OpenXml": "3.5.1",
          "HtmlToOpenXml.dll": "3.5.0",
          "OfficeIMO.Excel.Pdf": "3.2.0",
          "OfficeIMO.PowerPoint.Pdf": "3.2.0",
          "OfficeIMO.Word.Html": "3.2.0",
          "OfficeIMO.Word.Markdown": "3.2.0",
          "OfficeIMO.Word.Pdf": "3.2.0",
          "PDFsharp": "6.2.4",
          "SixLabors.Fonts": "[1.0.1]"
        }
      },
      "Microsoft.Extensions.DependencyInjection.Abstractions": {
        "type": "Direct",
        "requested": "[8.0.2, )",
        "resolved": "8.0.2",
        "contentHash": "3iE7UF7MQkCv1cxzCahz+Y/guQbTqieyxyaWKhrRO91itI9cOKO76OHeQDahqG4MmW5umr3CcCvGmK92lWNlbg=="
      },
      "Microsoft.Extensions.Options": {
        "type": "Direct",
        "requested": "[8.0.0, )",
        "resolved": "8.0.0",
        "contentHash": "JOVOfqpnqlVLUzINQ2fox8evY2SKLYJ3BV8QDe/Jyp21u1T7r45x/R/5QdteURMR5r01GxeJSBBUOCOyaNXA3g==",
        "dependencies": {
          "Microsoft.Extensions.DependencyInjection.Abstractions": "8.0.0",
          "Microsoft.Extensions.Primitives": "8.0.0"
        }
      },
      "AngleSharp": {
        "type": "Transitive",
        "resolved": "1.5.2",
        "contentHash": "LVZ7rrr6GHbhERhTgVDarVygl1e6KwE96pronA90LBOMacDhxR4lB+xYLjn/vlnUu+xbOB2RM9fuCPEx5bdyWA=="
      },
      "AngleSharp.Css": {
        "type": "Transitive",
        "resolved": "1.0.0-beta.216",
        "contentHash": "RVt/B1pp7HREgerDw8BVZSDC+Uqh+yeL/OGtu57mLLhBBPIQ1oSYrPKOYgdt0EZEK34l7BNCjx4BaQRNRN/ZIw==",
        "dependencies": {
          "AngleSharp": "[1.0.0, 2.0.0)"
        }
      },
      "ClosedXML": {
        "type": "Transitive",
        "resolved": "0.105.1",
        "contentHash": "X1ruIP9h2FBEK7jmO0peq3s6/Zqt5ve5a9f9kn6WUjdsUWvGbQlqxuGLz822xuFLlmnSeAfWFTGeX/tZlmAt+g==",
        "dependencies": {
          "ClosedXML.Parser": "2.0.0",
          "DocumentFormat.OpenXml": "[3.1.1, 4.0.0)",
          "ExcelNumberFormat": "1.1.0",
          "RBush.Signed": "4.0.0",
          "SixLabors.Fonts": "[1.0.0, 3.0.0)"
        }
      },
      "ClosedXML.Parser": {
        "type": "Transitive",
        "resolved": "2.0.0",
        "contentHash": "ngTqjYreDYNytG1W5d3ewHsw0ukmmrgV7EKnS4/40rXoYZGt07jrBvo+N+GxT49rcageUMUiprV0jYT4nwVBHQ=="
      },
      "DocumentFormat.OpenXml": {
        "type": "Transitive",
        "resolved": "3.5.1",
        "contentHash": "zxdOf5VVCe/uNklbRhj8dVBzQGj3DoqkUuqOp9cAZVuN8mNYDjof1lvSQA2OQNr8Ptc9d7pbA7Azq/ReaI3FpA==",
        "dependencies": {
          "DocumentFormat.OpenXml.Framework": "3.5.1"
        }
      },
      "DocumentFormat.OpenXml.Framework": {
        "type": "Transitive",
        "resolved": "3.5.1",
        "contentHash": "U5txtc3ORno73xQx9Lf2gWzfaSZnZwKHfLkTAslhlew9lxe5XbUiCt0dY1fHeAf8yRqszUAe5i/+xLC9R/Xfsw==",
        "dependencies": {
          "System.IO.Packaging": "10.0.2"
        }
      },
      "ExcelNumberFormat": {
        "type": "Transitive",
        "resolved": "1.1.0",
        "contentHash": "R3BVHPs9O+RkExbZYTGT0+9HLbi8ZrNij1Yziyw6znd3J7P3uoIR07uwTLGOogtz1p6+0sna66eBoXu7tBiVQA=="
      },
      "HtmlToOpenXml.dll": {
        "type": "Transitive",
        "resolved": "3.5.0",
        "contentHash": "ULQqQidtvWfGhds11YWG0uAkRYGXFzn3mNA6ZVnByJUV/1pqkR4fVAF3f7V1cSbpdSWCwoPtFbAef//rUNCmKA==",
        "dependencies": {
          "AngleSharp": "1.5.0",
          "DocumentFormat.OpenXml": "3.5.1",
          "Microsoft.Extensions.Logging.Abstractions": "6.0.0"
        }
      },
      "Microsoft.Extensions.Logging.Abstractions": {
        "type": "Transitive",
        "resolved": "8.0.3",
        "contentHash": "dL0QGToTxggRLMYY4ZYX5AMwBb+byQBd/5dMiZE07Nv73o6I5Are3C7eQTh7K2+A4ct0PVISSr7TZANbiNb2yQ==",
        "dependencies": {
          "Microsoft.Extensions.DependencyInjection.Abstractions": "8.0.2"
        }
      },
      "Microsoft.Extensions.Primitives": {
        "type": "Transitive",
        "resolved": "8.0.0",
        "contentHash": "bXJEZrW9ny8vjMF1JV253WeLhpEVzFo1lyaZu1vQ4ZxWUlVvknZ/+ftFgVheLubb4eZPSwwxBeqS1JkCOjxd8g=="
      },
      "OfficeIMO.Core": {
        "type": "Transitive",
        "resolved": "3.2.0",
        "contentHash": "AVI8bOcKFwltj4YpfspJa5/BKyferdeLpGqMxh3GM4BHrG/mlX5cVapeF9MpCDrIoTTzJQC8KQLm7eye0YXnkg=="
      },
      "OfficeIMO.Excel": {
        "type": "Transitive",
        "resolved": "3.2.0",
        "contentHash": "17LLbZtttL+yRqgHvs8qxNxOFaWXfc8AhW+ZPud2i0wm/CW0qdopPMOptv5eOHLRwfc4rcWxMN/JoNgOaTCJaA==",
        "dependencies": {
          "DocumentFormat.OpenXml": "[3.5.1, 4.0.0)",
          "OfficeIMO.Core": "3.2.0"
        }
      },
      "OfficeIMO.Excel.Pdf": {
        "type": "Transitive",
        "resolved": "3.2.0",
        "contentHash": "JNt9aw+dOKmfHnQcgYQoVXvQTBWBc9gHOFOpYo81NKKhvnzMkD2w6CwynT0p2rgwudggx0AxHXVq6cOesxwgqA==",
        "dependencies": {
          "OfficeIMO.Core": "3.2.0",
          "OfficeIMO.Excel": "3.2.0",
          "OfficeIMO.Pdf": "3.2.0"
        }
      },
      "OfficeIMO.Html": {
        "type": "Transitive",
        "resolved": "3.2.0",
        "contentHash": "LlHGb2cJJ/1AIAPAGHNFkMcZgeVw6DG8ILOdwHugnLib9gGuBQ3VTUi9ylVJ3cjyNkBjXQBn4M2qC5lNYdZrGg==",
        "dependencies": {
          "AngleSharp": "1.5.2",
          "AngleSharp.Css": "1.0.0-beta.216",
          "OfficeIMO.Core": "3.2.0"
        }
      },
      "OfficeIMO.Markdown": {
        "type": "Transitive",
        "resolved": "3.2.0",
        "contentHash": "Ehtfk/5of+19tK9HZhXsOMac6Zi+FW8hh260PQEo3bJyb/5vIW83/fqnrNjCg8sKo3oIyNKWQ/ROC6Su9oLYXA==",
        "dependencies": {
          "OfficeIMO.Core": "3.2.0"
        }
      },
      "OfficeIMO.Markdown.Html": {
        "type": "Transitive",
        "resolved": "3.2.0",
        "contentHash": "3eqYPKo2+bStLGZk7vFpeU5gDM7CE4ceuBjXv6CrMfsa6Up9UeK5wJLAeuT/fj4IS8VXbPv0aUTiFYbeXsSK4A==",
        "dependencies": {
          "OfficeIMO.Html": "3.2.0",
          "OfficeIMO.Markdown": "3.2.0"
        }
      },
      "OfficeIMO.Pdf": {
        "type": "Transitive",
        "resolved": "3.2.0",
        "contentHash": "EV8+XmEgtU1U4MGhVFPWleGiMkKNCfDrU0FpHC7KtY2+yIIqfOc9KmUplFRMXEevoc6ygcuEN2KLHcMak3aaqw==",
        "dependencies": {
          "OfficeIMO.Core": "3.2.0"
        }
      },
      "OfficeIMO.PowerPoint": {
        "type": "Transitive",
        "resolved": "3.2.0",
        "contentHash": "gIvBGGPmfOREWzdCTV1R4slwCfWy5ZnAby3uTbERHeLnzw5e4Y9hhVyPSp/tW8I+XyoMShICBSYuwTfnSgeqtA==",
        "dependencies": {
          "DocumentFormat.OpenXml": "[3.5.1, 4.0.0)",
          "OfficeIMO.Core": "3.2.0"
        }
      },
      "OfficeIMO.PowerPoint.Pdf": {
        "type": "Transitive",
        "resolved": "3.2.0",
        "contentHash": "u8zc4UaEj+ftlpGa9iO4oUAB5VEW+DVgCvS5N/xEbElNhWVnYiTJQNSLkskCVwzS/VcvSUW1uaFqyGlO+6MDHA==",
        "dependencies": {
          "OfficeIMO.Core": "3.2.0",
          "OfficeIMO.Pdf": "3.2.0",
          "OfficeIMO.PowerPoint": "3.2.0"
        }
      },
      "OfficeIMO.Word": {
        "type": "Transitive",
        "resolved": "3.2.0",
        "contentHash": "oVLzC6zrm+jeI+x98ZgFuWojTv1FLleq0XyGUZkxnRfeb/bgdzdOwXW+UhRryQA43Nwnl5NVsZhnIa2REK3WKQ==",
        "dependencies": {
          "DocumentFormat.OpenXml": "[3.5.1, 4.0.0)",
          "OfficeIMO.Core": "3.2.0"
        }
      },
      "OfficeIMO.Word.Html": {
        "type": "Transitive",
        "resolved": "3.2.0",
        "contentHash": "/vk+QaVl6L/buGoTKPxCNMYIuEs9i3UQ8gzgZCnlvR80s3ttuR2NefNbMa1VBqBh3cGZTeah50H6E1wywVwdrQ==",
        "dependencies": {
          "DocumentFormat.OpenXml": "[3.5.1, 4.0.0)",
          "OfficeIMO.Core": "3.2.0",
          "OfficeIMO.Html": "3.2.0",
          "OfficeIMO.Word": "3.2.0"
        }
      },
      "OfficeIMO.Word.Markdown": {
        "type": "Transitive",
        "resolved": "3.2.0",
        "contentHash": "crTff0f8fhFgzKRfI3zTc07NmRSfWoBXEw37INhqzUhQX55rMuBs3FR4bVrqwgyZnbu5BOGmDXh0CC+Ny50e6A==",
        "dependencies": {
          "OfficeIMO.Core": "3.2.0",
          "OfficeIMO.Markdown": "3.2.0",
          "OfficeIMO.Markdown.Html": "3.2.0",
          "OfficeIMO.Word": "3.2.0",
          "OfficeIMO.Word.Html": "3.2.0"
        }
      },
      "OfficeIMO.Word.Pdf": {
        "type": "Transitive",
        "resolved": "3.2.0",
        "contentHash": "GAviBWFt7QotAxCgeeADzrOdmSz/nVTNYzIHexIdi/fk9JiOyaqsjwhxBznrEsnpLf458GN5QTxP9PwIkXO5/w==",
        "dependencies": {
          "OfficeIMO.Core": "3.2.0",
          "OfficeIMO.Pdf": "3.2.0",
          "OfficeIMO.Word": "3.2.0"
        }
      },
      "PDFsharp": {
        "type": "Transitive",
        "resolved": "6.2.4",
        "contentHash": "GhTr9F1uOYXHCIEOB5PXIgqn5a8WLsJL2m0eewTA0IvY1j6N4HGXHKKmEyB90/N6vrjmYamf41V9zbmdW2HY3g==",
        "dependencies": {
          "Microsoft.Extensions.Logging.Abstractions": "8.0.3",
          "System.Security.Cryptography.Pkcs": "8.0.1"
        }
      },
      "RBush.Signed": {
        "type": "Transitive",
        "resolved": "4.0.0",
        "contentHash": "aP5KQxL5RnFNGW1f0euYVBfCatkLw5iEzMRJcXKq8LWWP4Cp3+qoSq1tDDL2vvJ2rM0ychmVMa2VaEKLS6uX4w=="
      },
      "SixLabors.Fonts": {
        "type": "Transitive",
        "resolved": "1.0.1",
        "contentHash": "ljezRHWc7N0azdQViib7Aa5v+DagRVkKI2/93kEbtjVczLs+yTkSq6gtGmvOcx4IqyNbO3GjLt7SAQTpLkySNw=="
      },
      "System.IO.Packaging": {
        "type": "Transitive",
        "resolved": "10.0.2",
        "contentHash": "JTpM4z0wpoIHHDvlCU27HsXo+zVnpWib94HXQpzzr+jc/P9NYf4w353AK4MXyGq/grm1mbLi7eXsOsDU8sGmNg=="
      },
      "System.Security.Cryptography.Pkcs": {
        "type": "Transitive",
        "resolved": "8.0.1",
        "contentHash": "CoCRHFym33aUSf/NtWSVSZa99dkd0Hm7OCZUxORBjRB16LNhIEOf8THPqzIYlvKM0nNDAPTRBa1FxEECrgaxxA=="
      }
    },
    "net8.0": {
      "Ank.DocToolkit": {
        "type": "Direct",
        "requested": "[0.21.0, )",
        "resolved": "0.21.0",
        "contentHash": "uVv99e0Rmo477YqTcG+MAsbVuQr9fAZM3/6iTtYKH7BBAhvRLYmUnwzeMCYTuNlSonggCZTlqv9QY1JhdtoICw==",
        "dependencies": {
          "ClosedXML": "0.105.1",
          "DocumentFormat.OpenXml": "3.5.1",
          "HtmlToOpenXml.dll": "3.5.0",
          "OfficeIMO.Excel.Pdf": "3.2.0",
          "OfficeIMO.PowerPoint.Pdf": "3.2.0",
          "OfficeIMO.Word.Html": "3.2.0",
          "OfficeIMO.Word.Markdown": "3.2.0",
          "OfficeIMO.Word.Pdf": "3.2.0",
          "PDFsharp": "6.2.4",
          "SixLabors.Fonts": "[1.0.1]"
        }
      },
      "Microsoft.Extensions.DependencyInjection.Abstractions": {
        "type": "Direct",
        "requested": "[8.0.2, )",
        "resolved": "8.0.2",
        "contentHash": "3iE7UF7MQkCv1cxzCahz+Y/guQbTqieyxyaWKhrRO91itI9cOKO76OHeQDahqG4MmW5umr3CcCvGmK92lWNlbg=="
      },
      "Microsoft.Extensions.Options": {
        "type": "Direct",
        "requested": "[8.0.0, )",
        "resolved": "8.0.0",
        "contentHash": "JOVOfqpnqlVLUzINQ2fox8evY2SKLYJ3BV8QDe/Jyp21u1T7r45x/R/5QdteURMR5r01GxeJSBBUOCOyaNXA3g==",
        "dependencies": {
          "Microsoft.Extensions.DependencyInjection.Abstractions": "8.0.0",
          "Microsoft.Extensions.Primitives": "8.0.0"
        }
      },
      "AngleSharp": {
        "type": "Transitive",
        "resolved": "1.5.2",
        "contentHash": "LVZ7rrr6GHbhERhTgVDarVygl1e6KwE96pronA90LBOMacDhxR4lB+xYLjn/vlnUu+xbOB2RM9fuCPEx5bdyWA=="
      },
      "AngleSharp.Css": {
        "type": "Transitive",
        "resolved": "1.0.0-beta.216",
        "contentHash": "RVt/B1pp7HREgerDw8BVZSDC+Uqh+yeL/OGtu57mLLhBBPIQ1oSYrPKOYgdt0EZEK34l7BNCjx4BaQRNRN/ZIw==",
        "dependencies": {
          "AngleSharp": "[1.0.0, 2.0.0)"
        }
      },
      "ClosedXML": {
        "type": "Transitive",
        "resolved": "0.105.1",
        "contentHash": "X1ruIP9h2FBEK7jmO0peq3s6/Zqt5ve5a9f9kn6WUjdsUWvGbQlqxuGLz822xuFLlmnSeAfWFTGeX/tZlmAt+g==",
        "dependencies": {
          "ClosedXML.Parser": "2.0.0",
          "DocumentFormat.OpenXml": "[3.1.1, 4.0.0)",
          "ExcelNumberFormat": "1.1.0",
          "RBush.Signed": "4.0.0",
          "SixLabors.Fonts": "[1.0.0, 3.0.0)"
        }
      },
      "ClosedXML.Parser": {
        "type": "Transitive",
        "resolved": "2.0.0",
        "contentHash": "ngTqjYreDYNytG1W5d3ewHsw0ukmmrgV7EKnS4/40rXoYZGt07jrBvo+N+GxT49rcageUMUiprV0jYT4nwVBHQ=="
      },
      "DocumentFormat.OpenXml": {
        "type": "Transitive",
        "resolved": "3.5.1",
        "contentHash": "zxdOf5VVCe/uNklbRhj8dVBzQGj3DoqkUuqOp9cAZVuN8mNYDjof1lvSQA2OQNr8Ptc9d7pbA7Azq/ReaI3FpA==",
        "dependencies": {
          "DocumentFormat.OpenXml.Framework": "3.5.1"
        }
      },
      "DocumentFormat.OpenXml.Framework": {
        "type": "Transitive",
        "resolved": "3.5.1",
        "contentHash": "U5txtc3ORno73xQx9Lf2gWzfaSZnZwKHfLkTAslhlew9lxe5XbUiCt0dY1fHeAf8yRqszUAe5i/+xLC9R/Xfsw==",
        "dependencies": {
          "System.IO.Packaging": "8.0.1"
        }
      },
      "ExcelNumberFormat": {
        "type": "Transitive",
        "resolved": "1.1.0",
        "contentHash": "R3BVHPs9O+RkExbZYTGT0+9HLbi8ZrNij1Yziyw6znd3J7P3uoIR07uwTLGOogtz1p6+0sna66eBoXu7tBiVQA=="
      },
      "HtmlToOpenXml.dll": {
        "type": "Transitive",
        "resolved": "3.5.0",
        "contentHash": "ULQqQidtvWfGhds11YWG0uAkRYGXFzn3mNA6ZVnByJUV/1pqkR4fVAF3f7V1cSbpdSWCwoPtFbAef//rUNCmKA==",
        "dependencies": {
          "AngleSharp": "1.5.0",
          "DocumentFormat.OpenXml": "3.5.1",
          "Microsoft.Extensions.Logging.Abstractions": "6.0.0"
        }
      },
      "Microsoft.Extensions.Logging.Abstractions": {
        "type": "Transitive",
        "resolved": "8.0.3",
        "contentHash": "dL0QGToTxggRLMYY4ZYX5AMwBb+byQBd/5dMiZE07Nv73o6I5Are3C7eQTh7K2+A4ct0PVISSr7TZANbiNb2yQ==",
        "dependencies": {
          "Microsoft.Extensions.DependencyInjection.Abstractions": "8.0.2"
        }
      },
      "Microsoft.Extensions.Primitives": {
        "type": "Transitive",
        "resolved": "8.0.0",
        "contentHash": "bXJEZrW9ny8vjMF1JV253WeLhpEVzFo1lyaZu1vQ4ZxWUlVvknZ/+ftFgVheLubb4eZPSwwxBeqS1JkCOjxd8g=="
      },
      "OfficeIMO.Core": {
        "type": "Transitive",
        "resolved": "3.2.0",
        "contentHash": "AVI8bOcKFwltj4YpfspJa5/BKyferdeLpGqMxh3GM4BHrG/mlX5cVapeF9MpCDrIoTTzJQC8KQLm7eye0YXnkg=="
      },
      "OfficeIMO.Excel": {
        "type": "Transitive",
        "resolved": "3.2.0",
        "contentHash": "17LLbZtttL+yRqgHvs8qxNxOFaWXfc8AhW+ZPud2i0wm/CW0qdopPMOptv5eOHLRwfc4rcWxMN/JoNgOaTCJaA==",
        "dependencies": {
          "DocumentFormat.OpenXml": "[3.5.1, 4.0.0)",
          "OfficeIMO.Core": "3.2.0"
        }
      },
      "OfficeIMO.Excel.Pdf": {
        "type": "Transitive",
        "resolved": "3.2.0",
        "contentHash": "JNt9aw+dOKmfHnQcgYQoVXvQTBWBc9gHOFOpYo81NKKhvnzMkD2w6CwynT0p2rgwudggx0AxHXVq6cOesxwgqA==",
        "dependencies": {
          "OfficeIMO.Core": "3.2.0",
          "OfficeIMO.Excel": "3.2.0",
          "OfficeIMO.Pdf": "3.2.0"
        }
      },
      "OfficeIMO.Html": {
        "type": "Transitive",
        "resolved": "3.2.0",
        "contentHash": "LlHGb2cJJ/1AIAPAGHNFkMcZgeVw6DG8ILOdwHugnLib9gGuBQ3VTUi9ylVJ3cjyNkBjXQBn4M2qC5lNYdZrGg==",
        "dependencies": {
          "AngleSharp": "1.5.2",
          "AngleSharp.Css": "1.0.0-beta.216",
          "OfficeIMO.Core": "3.2.0"
        }
      },
      "OfficeIMO.Markdown": {
        "type": "Transitive",
        "resolved": "3.2.0",
        "contentHash": "Ehtfk/5of+19tK9HZhXsOMac6Zi+FW8hh260PQEo3bJyb/5vIW83/fqnrNjCg8sKo3oIyNKWQ/ROC6Su9oLYXA==",
        "dependencies": {
          "OfficeIMO.Core": "3.2.0"
        }
      },
      "OfficeIMO.Markdown.Html": {
        "type": "Transitive",
        "resolved": "3.2.0",
        "contentHash": "3eqYPKo2+bStLGZk7vFpeU5gDM7CE4ceuBjXv6CrMfsa6Up9UeK5wJLAeuT/fj4IS8VXbPv0aUTiFYbeXsSK4A==",
        "dependencies": {
          "OfficeIMO.Html": "3.2.0",
          "OfficeIMO.Markdown": "3.2.0"
        }
      },
      "OfficeIMO.Pdf": {
        "type": "Transitive",
        "resolved": "3.2.0",
        "contentHash": "EV8+XmEgtU1U4MGhVFPWleGiMkKNCfDrU0FpHC7KtY2+yIIqfOc9KmUplFRMXEevoc6ygcuEN2KLHcMak3aaqw==",
        "dependencies": {
          "OfficeIMO.Core": "3.2.0"
        }
      },
      "OfficeIMO.PowerPoint": {
        "type": "Transitive",
        "resolved": "3.2.0",
        "contentHash": "gIvBGGPmfOREWzdCTV1R4slwCfWy5ZnAby3uTbERHeLnzw5e4Y9hhVyPSp/tW8I+XyoMShICBSYuwTfnSgeqtA==",
        "dependencies": {
          "DocumentFormat.OpenXml": "[3.5.1, 4.0.0)",
          "OfficeIMO.Core": "3.2.0"
        }
      },
      "OfficeIMO.PowerPoint.Pdf": {
        "type": "Transitive",
        "resolved": "3.2.0",
        "contentHash": "u8zc4UaEj+ftlpGa9iO4oUAB5VEW+DVgCvS5N/xEbElNhWVnYiTJQNSLkskCVwzS/VcvSUW1uaFqyGlO+6MDHA==",
        "dependencies": {
          "OfficeIMO.Core": "3.2.0",
          "OfficeIMO.Pdf": "3.2.0",
          "OfficeIMO.PowerPoint": "3.2.0"
        }
      },
      "OfficeIMO.Word": {
        "type": "Transitive",
        "resolved": "3.2.0",
        "contentHash": "oVLzC6zrm+jeI+x98ZgFuWojTv1FLleq0XyGUZkxnRfeb/bgdzdOwXW+UhRryQA43Nwnl5NVsZhnIa2REK3WKQ==",
        "dependencies": {
          "DocumentFormat.OpenXml": "[3.5.1, 4.0.0)",
          "OfficeIMO.Core": "3.2.0"
        }
      },
      "OfficeIMO.Word.Html": {
        "type": "Transitive",
        "resolved": "3.2.0",
        "contentHash": "/vk+QaVl6L/buGoTKPxCNMYIuEs9i3UQ8gzgZCnlvR80s3ttuR2NefNbMa1VBqBh3cGZTeah50H6E1wywVwdrQ==",
        "dependencies": {
          "DocumentFormat.OpenXml": "[3.5.1, 4.0.0)",
          "OfficeIMO.Core": "3.2.0",
          "OfficeIMO.Html": "3.2.0",
          "OfficeIMO.Word": "3.2.0"
        }
      },
      "OfficeIMO.Word.Markdown": {
        "type": "Transitive",
        "resolved": "3.2.0",
        "contentHash": "crTff0f8fhFgzKRfI3zTc07NmRSfWoBXEw37INhqzUhQX55rMuBs3FR4bVrqwgyZnbu5BOGmDXh0CC+Ny50e6A==",
        "dependencies": {
          "OfficeIMO.Core": "3.2.0",
          "OfficeIMO.Markdown": "3.2.0",
          "OfficeIMO.Markdown.Html": "3.2.0",
          "OfficeIMO.Word": "3.2.0",
          "OfficeIMO.Word.Html": "3.2.0"
        }
      },
      "OfficeIMO.Word.Pdf": {
        "type": "Transitive",
        "resolved": "3.2.0",
        "contentHash": "GAviBWFt7QotAxCgeeADzrOdmSz/nVTNYzIHexIdi/fk9JiOyaqsjwhxBznrEsnpLf458GN5QTxP9PwIkXO5/w==",
        "dependencies": {
          "OfficeIMO.Core": "3.2.0",
          "OfficeIMO.Pdf": "3.2.0",
          "OfficeIMO.Word": "3.2.0"
        }
      },
      "PDFsharp": {
        "type": "Transitive",
        "resolved": "6.2.4",
        "contentHash": "GhTr9F1uOYXHCIEOB5PXIgqn5a8WLsJL2m0eewTA0IvY1j6N4HGXHKKmEyB90/N6vrjmYamf41V9zbmdW2HY3g==",
        "dependencies": {
          "Microsoft.Extensions.Logging.Abstractions": "8.0.3",
          "System.Security.Cryptography.Pkcs": "8.0.1"
        }
      },
      "RBush.Signed": {
        "type": "Transitive",
        "resolved": "4.0.0",
        "contentHash": "aP5KQxL5RnFNGW1f0euYVBfCatkLw5iEzMRJcXKq8LWWP4Cp3+qoSq1tDDL2vvJ2rM0ychmVMa2VaEKLS6uX4w=="
      },
      "SixLabors.Fonts": {
        "type": "Transitive",
        "resolved": "1.0.1",
        "contentHash": "ljezRHWc7N0azdQViib7Aa5v+DagRVkKI2/93kEbtjVczLs+yTkSq6gtGmvOcx4IqyNbO3GjLt7SAQTpLkySNw=="
      },
      "System.IO.Packaging": {
        "type": "Transitive",
        "resolved": "8.0.1",
        "contentHash": "KYkIOAvPexQOLDxPO2g0BVoWInnQhPpkFzRqvNrNrMhVT6kqhVr0zEb6KCHlptLFukxnZrjuMVAnxK7pOGUYrw=="
      },
      "System.Security.Cryptography.Pkcs": {
        "type": "Transitive",
        "resolved": "8.0.1",
        "contentHash": "CoCRHFym33aUSf/NtWSVSZa99dkd0Hm7OCZUxORBjRB16LNhIEOf8THPqzIYlvKM0nNDAPTRBa1FxEECrgaxxA=="
      }
    }
  }
}